// !$*UTF8*$!
{
	archiveVersion = 1;
	classes = {
	};
	objectVersion = 46;
	objects = {

/* Begin PBXBuildFile section */
		251175461D10EB6B00C3CE91 /* UserView.m in Sources */ = {isa = PBXBuildFile; fileRef = 251175451D10EB6B00C3CE91 /* UserView.m */; };
		2512A1C41D111B3E00ED884B /* ServerManager.m in Sources */ = {isa = PBXBuildFile; fileRef = 2512A1C31D111B3E00ED884B /* ServerManager.m */; };
		2512A1C91D112FDE00ED884B /* LoginViewController.m in Sources */ = {isa = PBXBuildFile; fileRef = 2512A1C81D112FDE00ED884B /* LoginViewController.m */; };
		2512A1CD1D1130B100ED884B /* LoginView.m in Sources */ = {isa = PBXBuildFile; fileRef = 2512A1CC1D1130B100ED884B /* LoginView.m */; };
		2512A1D01D113C6200ED884B /* HomepageViewController.m in Sources */ = {isa = PBXBuildFile; fileRef = 2512A1CF1D113C6200ED884B /* HomepageViewController.m */; };
		253BF5801D0D49F40006086D /* main.m in Sources */ = {isa = PBXBuildFile; fileRef = 253BF57F1D0D49F40006086D /* main.m */; };
		253BF5831D0D49F40006086D /* AppDelegate.m in Sources */ = {isa = PBXBuildFile; fileRef = 253BF5821D0D49F40006086D /* AppDelegate.m */; };
		253BF58B1D0D49F40006086D /* Assets.xcassets in Resources */ = {isa = PBXBuildFile; fileRef = 253BF58A1D0D49F40006086D /* Assets.xcassets */; };
		253BF58E1D0D49F40006086D /* LaunchScreen.storyboard in Resources */ = {isa = PBXBuildFile; fileRef = 253BF58C1D0D49F40006086D /* LaunchScreen.storyboard */; };
		253BF5991D0D49F40006086D /* mckfcTests.m in Sources */ = {isa = PBXBuildFile; fileRef = 253BF5981D0D49F40006086D /* mckfcTests.m */; };
		253BF5A41D0D49F40006086D /* mckfcUITests.m in Sources */ = {isa = PBXBuildFile; fileRef = 253BF5A31D0D49F40006086D /* mckfcUITests.m */; };
		256F397B1D123E3900175E5A /* LoginNav.m in Sources */ = {isa = PBXBuildFile; fileRef = 256F397A1D123E3900175E5A /* LoginNav.m */; };
		256F397E1D125BB000175E5A /* GifLoadingHUD.m in Sources */ = {isa = PBXBuildFile; fileRef = 256F397D1D125BB000175E5A /* GifLoadingHUD.m */; };
		256F39811D12836900175E5A /* SignUpView.m in Sources */ = {isa = PBXBuildFile; fileRef = 256F39801D12836900175E5A /* SignUpView.m */; };
		256F39841D12847D00175E5A /* SignUpViewController.m in Sources */ = {isa = PBXBuildFile; fileRef = 256F39831D12847D00175E5A /* SignUpViewController.m */; };
		256F39871D12885B00175E5A /* VerifyViewController.m in Sources */ = {isa = PBXBuildFile; fileRef = 256F39861D12885B00175E5A /* VerifyViewController.m */; };
		256F398A1D12887D00175E5A /* VerifyView.m in Sources */ = {isa = PBXBuildFile; fileRef = 256F39891D12887D00175E5A /* VerifyView.m */; };
		256F39961D12B2A000175E5A /* DriverDetailEditorController.m in Sources */ = {isa = PBXBuildFile; fileRef = 256F39951D12B2A000175E5A /* DriverDetailEditorController.m */; };
		256F39991D12B34D00175E5A /* DriverDetailEditorCell.m in Sources */ = {isa = PBXBuildFile; fileRef = 256F39981D12B34D00175E5A /* DriverDetailEditorCell.m */; };
		256F399C1D13A32000175E5A /* StatsView.m in Sources */ = {isa = PBXBuildFile; fileRef = 256F399B1D13A32000175E5A /* StatsView.m */; };
		256F39A21D13D83200175E5A /* EditorNav.m in Sources */ = {isa = PBXBuildFile; fileRef = 256F39A11D13D83200175E5A /* EditorNav.m */; };
		256F39A51D13E8A900175E5A /* AlertHUDView.m in Sources */ = {isa = PBXBuildFile; fileRef = 256F39A41D13E8A900175E5A /* AlertHUDView.m */; };
		256F39A81D17891A00175E5A /* MCStarView.m in Sources */ = {isa = PBXBuildFile; fileRef = 256F39A71D17891A00175E5A /* MCStarView.m */; };
		25CECAFD1D17A53500C9CCBE /* LoadingNav.m in Sources */ = {isa = PBXBuildFile; fileRef = 25CECAFC1D17A53500C9CCBE /* LoadingNav.m */; };
		25CECB001D17A9D700C9CCBE /* LoadingStatsViewController.m in Sources */ = {isa = PBXBuildFile; fileRef = 25CECAFF1D17A9D700C9CCBE /* LoadingStatsViewController.m */; };
		25CECB031D17ACF900C9CCBE /* LoadingCell.m in Sources */ = {isa = PBXBuildFile; fileRef = 25CECB021D17ACF900C9CCBE /* LoadingCell.m */; };
		25EDD78B1D0E847800AFB6F3 /* User.m in Sources */ = {isa = PBXBuildFile; fileRef = 25EDD78A1D0E847800AFB6F3 /* User.m */; };
		2A383734F83D247A6E52A42F /* libPods-mckfcUITests.a in Frameworks */ = {isa = PBXBuildFile; fileRef = 2A3474A8AED6CD0ECD45000B /* libPods-mckfcUITests.a */; };
		8A1A7A1E4129ACE6AA293190 /* libPods-mckfcTests.a in Frameworks */ = {isa = PBXBuildFile; fileRef = B79285101850F79921E443BA /* libPods-mckfcTests.a */; };
		A5C8BB96088FE4611120D108 /* libPods-mckfc.a in Frameworks */ = {isa = PBXBuildFile; fileRef = 129CF618CF2B96D1FCEA2F02 /* libPods-mckfc.a */; };
/* End PBXBuildFile section */

/* Begin PBXContainerItemProxy section */
		253BF5951D0D49F40006086D /* PBXContainerItemProxy */ = {
			isa = PBXContainerItemProxy;
			containerPortal = 253BF5731D0D49F40006086D /* Project object */;
			proxyType = 1;
			remoteGlobalIDString = 253BF57A1D0D49F40006086D;
			remoteInfo = mckfc;
		};
		253BF5A01D0D49F40006086D /* PBXContainerItemProxy */ = {
			isa = PBXContainerItemProxy;
			containerPortal = 253BF5731D0D49F40006086D /* Project object */;
			proxyType = 1;
			remoteGlobalIDString = 253BF57A1D0D49F40006086D;
			remoteInfo = mckfc;
		};
/* End PBXContainerItemProxy section */

/* Begin PBXFileReference section */
		129CF618CF2B96D1FCEA2F02 /* libPods-mckfc.a */ = {isa = PBXFileReference; explicitFileType = archive.ar; includeInIndex = 0; path = "libPods-mckfc.a"; sourceTree = BUILT_PRODUCTS_DIR; };
		1FF49D163B3C6B0B1628572B /* Pods-mckfcUITests.debug.xcconfig */ = {isa = PBXFileReference; includeInIndex = 1; lastKnownFileType = text.xcconfig; name = "Pods-mckfcUITests.debug.xcconfig"; path = "Pods/Target Support Files/Pods-mckfcUITests/Pods-mckfcUITests.debug.xcconfig"; sourceTree = "<group>"; };
		251175441D10EB6B00C3CE91 /* UserView.h */ = {isa = PBXFileReference; fileEncoding = 4; lastKnownFileType = sourcecode.c.h; path = UserView.h; sourceTree = "<group>"; };
		251175451D10EB6B00C3CE91 /* UserView.m */ = {isa = PBXFileReference; fileEncoding = 4; lastKnownFileType = sourcecode.c.objc; path = UserView.m; sourceTree = "<group>"; };
		251175481D10FA0100C3CE91 /* PrefixHeader.pch */ = {isa = PBXFileReference; lastKnownFileType = sourcecode.c.h; path = PrefixHeader.pch; sourceTree = "<group>"; };
		251175491D10FC8900C3CE91 /* Constant.h */ = {isa = PBXFileReference; lastKnownFileType = sourcecode.c.h; path = Constant.h; sourceTree = "<group>"; };
		2512A1C21D111B3E00ED884B /* ServerManager.h */ = {isa = PBXFileReference; fileEncoding = 4; lastKnownFileType = sourcecode.c.h; path = ServerManager.h; sourceTree = "<group>"; };
		2512A1C31D111B3E00ED884B /* ServerManager.m */ = {isa = PBXFileReference; fileEncoding = 4; lastKnownFileType = sourcecode.c.objc; path = ServerManager.m; sourceTree = "<group>"; };
		2512A1C71D112FDE00ED884B /* LoginViewController.h */ = {isa = PBXFileReference; fileEncoding = 4; lastKnownFileType = sourcecode.c.h; path = LoginViewController.h; sourceTree = "<group>"; };
		2512A1C81D112FDE00ED884B /* LoginViewController.m */ = {isa = PBXFileReference; fileEncoding = 4; lastKnownFileType = sourcecode.c.objc; path = LoginViewController.m; sourceTree = "<group>"; };
		2512A1CB1D1130B100ED884B /* LoginView.h */ = {isa = PBXFileReference; fileEncoding = 4; lastKnownFileType = sourcecode.c.h; path = LoginView.h; sourceTree = "<group>"; };
		2512A1CC1D1130B100ED884B /* LoginView.m */ = {isa = PBXFileReference; fileEncoding = 4; lastKnownFileType = sourcecode.c.objc; path = LoginView.m; sourceTree = "<group>"; };
		2512A1CE1D113C6200ED884B /* HomepageViewController.h */ = {isa = PBXFileReference; fileEncoding = 4; lastKnownFileType = sourcecode.c.h; path = HomepageViewController.h; sourceTree = "<group>"; };
		2512A1CF1D113C6200ED884B /* HomepageViewController.m */ = {isa = PBXFileReference; fileEncoding = 4; lastKnownFileType = sourcecode.c.objc; path = HomepageViewController.m; sourceTree = "<group>"; };
		253BF57B1D0D49F40006086D /* mckfc.app */ = {isa = PBXFileReference; explicitFileType = wrapper.application; includeInIndex = 0; path = mckfc.app; sourceTree = BUILT_PRODUCTS_DIR; };
		253BF57F1D0D49F40006086D /* main.m */ = {isa = PBXFileReference; lastKnownFileType = sourcecode.c.objc; path = main.m; sourceTree = "<group>"; };
		253BF5811D0D49F40006086D /* AppDelegate.h */ = {isa = PBXFileReference; lastKnownFileType = sourcecode.c.h; path = AppDelegate.h; sourceTree = "<group>"; };
		253BF5821D0D49F40006086D /* AppDelegate.m */ = {isa = PBXFileReference; lastKnownFileType = sourcecode.c.objc; path = AppDelegate.m; sourceTree = "<group>"; };
		253BF58A1D0D49F40006086D /* Assets.xcassets */ = {isa = PBXFileReference; lastKnownFileType = folder.assetcatalog; path = Assets.xcassets; sourceTree = "<group>"; };
		253BF58D1D0D49F40006086D /* Base */ = {isa = PBXFileReference; lastKnownFileType = file.storyboard; name = Base; path = Base.lproj/LaunchScreen.storyboard; sourceTree = "<group>"; };
		253BF58F1D0D49F40006086D /* Info.plist */ = {isa = PBXFileReference; lastKnownFileType = text.plist.xml; path = Info.plist; sourceTree = "<group>"; };
		253BF5941D0D49F40006086D /* mckfcTests.xctest */ = {isa = PBXFileReference; explicitFileType = wrapper.cfbundle; includeInIndex = 0; path = mckfcTests.xctest; sourceTree = BUILT_PRODUCTS_DIR; };
		253BF5981D0D49F40006086D /* mckfcTests.m */ = {isa = PBXFileReference; lastKnownFileType = sourcecode.c.objc; path = mckfcTests.m; sourceTree = "<group>"; };
		253BF59A1D0D49F40006086D /* Info.plist */ = {isa = PBXFileReference; lastKnownFileType = text.plist.xml; path = Info.plist; sourceTree = "<group>"; };
		253BF59F1D0D49F40006086D /* mckfcUITests.xctest */ = {isa = PBXFileReference; explicitFileType = wrapper.cfbundle; includeInIndex = 0; path = mckfcUITests.xctest; sourceTree = BUILT_PRODUCTS_DIR; };
		253BF5A31D0D49F40006086D /* mckfcUITests.m */ = {isa = PBXFileReference; lastKnownFileType = sourcecode.c.objc; path = mckfcUITests.m; sourceTree = "<group>"; };
		253BF5A51D0D49F40006086D /* Info.plist */ = {isa = PBXFileReference; lastKnownFileType = text.plist.xml; path = Info.plist; sourceTree = "<group>"; };
		256F39791D123E3900175E5A /* LoginNav.h */ = {isa = PBXFileReference; fileEncoding = 4; lastKnownFileType = sourcecode.c.h; path = LoginNav.h; sourceTree = "<group>"; };
		256F397A1D123E3900175E5A /* LoginNav.m */ = {isa = PBXFileReference; fileEncoding = 4; lastKnownFileType = sourcecode.c.objc; path = LoginNav.m; sourceTree = "<group>"; };
		256F397C1D125BB000175E5A /* GifLoadingHUD.h */ = {isa = PBXFileReference; fileEncoding = 4; lastKnownFileType = sourcecode.c.h; path = GifLoadingHUD.h; sourceTree = "<group>"; };
		256F397D1D125BB000175E5A /* GifLoadingHUD.m */ = {isa = PBXFileReference; fileEncoding = 4; lastKnownFileType = sourcecode.c.objc; path = GifLoadingHUD.m; sourceTree = "<group>"; };
		256F397F1D12836900175E5A /* SignUpView.h */ = {isa = PBXFileReference; fileEncoding = 4; lastKnownFileType = sourcecode.c.h; path = SignUpView.h; sourceTree = "<group>"; };
		256F39801D12836900175E5A /* SignUpView.m */ = {isa = PBXFileReference; fileEncoding = 4; lastKnownFileType = sourcecode.c.objc; path = SignUpView.m; sourceTree = "<group>"; };
		256F39821D12847D00175E5A /* SignUpViewController.h */ = {isa = PBXFileReference; fileEncoding = 4; lastKnownFileType = sourcecode.c.h; path = SignUpViewController.h; sourceTree = "<group>"; };
		256F39831D12847D00175E5A /* SignUpViewController.m */ = {isa = PBXFileReference; fileEncoding = 4; lastKnownFileType = sourcecode.c.objc; path = SignUpViewController.m; sourceTree = "<group>"; };
		256F39851D12885B00175E5A /* VerifyViewController.h */ = {isa = PBXFileReference; fileEncoding = 4; lastKnownFileType = sourcecode.c.h; path = VerifyViewController.h; sourceTree = "<group>"; };
		256F39861D12885B00175E5A /* VerifyViewController.m */ = {isa = PBXFileReference; fileEncoding = 4; lastKnownFileType = sourcecode.c.objc; path = VerifyViewController.m; sourceTree = "<group>"; };
		256F39881D12887D00175E5A /* VerifyView.h */ = {isa = PBXFileReference; fileEncoding = 4; lastKnownFileType = sourcecode.c.h; path = VerifyView.h; sourceTree = "<group>"; };
		256F39891D12887D00175E5A /* VerifyView.m */ = {isa = PBXFileReference; fileEncoding = 4; lastKnownFileType = sourcecode.c.objc; path = VerifyView.m; sourceTree = "<group>"; };
		256F39941D12B2A000175E5A /* DriverDetailEditorController.h */ = {isa = PBXFileReference; fileEncoding = 4; lastKnownFileType = sourcecode.c.h; path = DriverDetailEditorController.h; sourceTree = "<group>"; };
		256F39951D12B2A000175E5A /* DriverDetailEditorController.m */ = {isa = PBXFileReference; fileEncoding = 4; lastKnownFileType = sourcecode.c.objc; path = DriverDetailEditorController.m; sourceTree = "<group>"; };
		256F39971D12B34D00175E5A /* DriverDetailEditorCell.h */ = {isa = PBXFileReference; fileEncoding = 4; lastKnownFileType = sourcecode.c.h; path = DriverDetailEditorCell.h; sourceTree = "<group>"; };
		256F39981D12B34D00175E5A /* DriverDetailEditorCell.m */ = {isa = PBXFileReference; fileEncoding = 4; lastKnownFileType = sourcecode.c.objc; path = DriverDetailEditorCell.m; sourceTree = "<group>"; };
		256F399A1D13A32000175E5A /* StatsView.h */ = {isa = PBXFileReference; fileEncoding = 4; lastKnownFileType = sourcecode.c.h; path = StatsView.h; sourceTree = "<group>"; };
		256F399B1D13A32000175E5A /* StatsView.m */ = {isa = PBXFileReference; fileEncoding = 4; lastKnownFileType = sourcecode.c.objc; path = StatsView.m; sourceTree = "<group>"; };
		256F39A01D13D83200175E5A /* EditorNav.h */ = {isa = PBXFileReference; fileEncoding = 4; lastKnownFileType = sourcecode.c.h; path = EditorNav.h; sourceTree = "<group>"; };
		256F39A11D13D83200175E5A /* EditorNav.m */ = {isa = PBXFileReference; fileEncoding = 4; lastKnownFileType = sourcecode.c.objc; path = EditorNav.m; sourceTree = "<group>"; };
		256F39A31D13E8A900175E5A /* AlertHUDView.h */ = {isa = PBXFileReference; fileEncoding = 4; lastKnownFileType = sourcecode.c.h; path = AlertHUDView.h; sourceTree = "<group>"; };
		256F39A41D13E8A900175E5A /* AlertHUDView.m */ = {isa = PBXFileReference; fileEncoding = 4; lastKnownFileType = sourcecode.c.objc; path = AlertHUDView.m; sourceTree = "<group>"; };
		256F39A61D17891A00175E5A /* MCStarView.h */ = {isa = PBXFileReference; fileEncoding = 4; lastKnownFileType = sourcecode.c.h; path = MCStarView.h; sourceTree = "<group>"; };
		256F39A71D17891A00175E5A /* MCStarView.m */ = {isa = PBXFileReference; fileEncoding = 4; lastKnownFileType = sourcecode.c.objc; path = MCStarView.m; sourceTree = "<group>"; };
		25CECAFB1D17A53500C9CCBE /* LoadingNav.h */ = {isa = PBXFileReference; fileEncoding = 4; lastKnownFileType = sourcecode.c.h; path = LoadingNav.h; sourceTree = "<group>"; };
		25CECAFC1D17A53500C9CCBE /* LoadingNav.m */ = {isa = PBXFileReference; fileEncoding = 4; lastKnownFileType = sourcecode.c.objc; path = LoadingNav.m; sourceTree = "<group>"; };
		25CECAFE1D17A9D700C9CCBE /* LoadingStatsViewController.h */ = {isa = PBXFileReference; fileEncoding = 4; lastKnownFileType = sourcecode.c.h; path = LoadingStatsViewController.h; sourceTree = "<group>"; };
		25CECAFF1D17A9D700C9CCBE /* LoadingStatsViewController.m */ = {isa = PBXFileReference; fileEncoding = 4; lastKnownFileType = sourcecode.c.objc; path = LoadingStatsViewController.m; sourceTree = "<group>"; };
		25CECB011D17ACF900C9CCBE /* LoadingCell.h */ = {isa = PBXFileReference; fileEncoding = 4; lastKnownFileType = sourcecode.c.h; path = LoadingCell.h; sourceTree = "<group>"; };
		25CECB021D17ACF900C9CCBE /* LoadingCell.m */ = {isa = PBXFileReference; fileEncoding = 4; lastKnownFileType = sourcecode.c.objc; path = LoadingCell.m; sourceTree = "<group>"; };
		25EDD7891D0E847800AFB6F3 /* User.h */ = {isa = PBXFileReference; fileEncoding = 4; lastKnownFileType = sourcecode.c.h; path = User.h; sourceTree = "<group>"; };
		25EDD78A1D0E847800AFB6F3 /* User.m */ = {isa = PBXFileReference; fileEncoding = 4; lastKnownFileType = sourcecode.c.objc; path = User.m; sourceTree = "<group>"; };
		2A3474A8AED6CD0ECD45000B /* libPods-mckfcUITests.a */ = {isa = PBXFileReference; explicitFileType = archive.ar; includeInIndex = 0; path = "libPods-mckfcUITests.a"; sourceTree = BUILT_PRODUCTS_DIR; };
		2C0EE5CD14F1FFCF59A0F5C5 /* Pods-mckfc.release.xcconfig */ = {isa = PBXFileReference; includeInIndex = 1; lastKnownFileType = text.xcconfig; name = "Pods-mckfc.release.xcconfig"; path = "Pods/Target Support Files/Pods-mckfc/Pods-mckfc.release.xcconfig"; sourceTree = "<group>"; };
		33E4AD97041C7CA6DB6332A6 /* Pods-mckfcUITests.release.xcconfig */ = {isa = PBXFileReference; includeInIndex = 1; lastKnownFileType = text.xcconfig; name = "Pods-mckfcUITests.release.xcconfig"; path = "Pods/Target Support Files/Pods-mckfcUITests/Pods-mckfcUITests.release.xcconfig"; sourceTree = "<group>"; };
		4D4A0E75E7FA1CE3164F5BCC /* Pods-mckfcTests.release.xcconfig */ = {isa = PBXFileReference; includeInIndex = 1; lastKnownFileType = text.xcconfig; name = "Pods-mckfcTests.release.xcconfig"; path = "Pods/Target Support Files/Pods-mckfcTests/Pods-mckfcTests.release.xcconfig"; sourceTree = "<group>"; };
		AEAD28CECD14E9496644CF81 /* Pods-mckfcTests.debug.xcconfig */ = {isa = PBXFileReference; includeInIndex = 1; lastKnownFileType = text.xcconfig; name = "Pods-mckfcTests.debug.xcconfig"; path = "Pods/Target Support Files/Pods-mckfcTests/Pods-mckfcTests.debug.xcconfig"; sourceTree = "<group>"; };
		B79285101850F79921E443BA /* libPods-mckfcTests.a */ = {isa = PBXFileReference; explicitFileType = archive.ar; includeInIndex = 0; path = "libPods-mckfcTests.a"; sourceTree = BUILT_PRODUCTS_DIR; };
		BC2D64BC3C296980EB6B04FB /* Pods-mckfc.debug.xcconfig */ = {isa = PBXFileReference; includeInIndex = 1; lastKnownFileType = text.xcconfig; name = "Pods-mckfc.debug.xcconfig"; path = "Pods/Target Support Files/Pods-mckfc/Pods-mckfc.debug.xcconfig"; sourceTree = "<group>"; };
/* End PBXFileReference section */

/* Begin PBXFrameworksBuildPhase section */
		253BF5781D0D49F40006086D /* Frameworks */ = {
			isa = PBXFrameworksBuildPhase;
			buildActionMask = 2147483647;
			files = (
				A5C8BB96088FE4611120D108 /* libPods-mckfc.a in Frameworks */,
			);
			runOnlyForDeploymentPostprocessing = 0;
		};
		253BF5911D0D49F40006086D /* Frameworks */ = {
			isa = PBXFrameworksBuildPhase;
			buildActionMask = 2147483647;
			files = (
				8A1A7A1E4129ACE6AA293190 /* libPods-mckfcTests.a in Frameworks */,
			);
			runOnlyForDeploymentPostprocessing = 0;
		};
		253BF59C1D0D49F40006086D /* Frameworks */ = {
			isa = PBXFrameworksBuildPhase;
			buildActionMask = 2147483647;
			files = (
				2A383734F83D247A6E52A42F /* libPods-mckfcUITests.a in Frameworks */,
			);
			runOnlyForDeploymentPostprocessing = 0;
		};
/* End PBXFrameworksBuildPhase section */

/* Begin PBXGroup section */
		251175471D10EB7500C3CE91 /* View */ = {
			isa = PBXGroup;
			children = (
				256F397C1D125BB000175E5A /* GifLoadingHUD.h */,
				256F397D1D125BB000175E5A /* GifLoadingHUD.m */,
				256F39A31D13E8A900175E5A /* AlertHUDView.h */,
				256F39A41D13E8A900175E5A /* AlertHUDView.m */,
				256F39A61D17891A00175E5A /* MCStarView.h */,
				256F39A71D17891A00175E5A /* MCStarView.m */,
			);
			name = View;
			sourceTree = "<group>";
		};
		2511754A1D10FD6700C3CE91 /* Constant */ = {
			isa = PBXGroup;
			children = (
				251175481D10FA0100C3CE91 /* PrefixHeader.pch */,
				251175491D10FC8900C3CE91 /* Constant.h */,
			);
			name = Constant;
			sourceTree = "<group>";
		};
		2512A1C51D112F9900ED884B /* Login */ = {
			isa = PBXGroup;
			children = (
				2512A1CA1D11305400ED884B /* View */,
				2512A1C61D112FBA00ED884B /* Controller */,
			);
			name = Login;
			sourceTree = "<group>";
		};
		2512A1C61D112FBA00ED884B /* Controller */ = {
			isa = PBXGroup;
			children = (
				256F39851D12885B00175E5A /* VerifyViewController.h */,
				256F39861D12885B00175E5A /* VerifyViewController.m */,
				2512A1C71D112FDE00ED884B /* LoginViewController.h */,
				2512A1C81D112FDE00ED884B /* LoginViewController.m */,
				256F39791D123E3900175E5A /* LoginNav.h */,
				256F397A1D123E3900175E5A /* LoginNav.m */,
				256F39821D12847D00175E5A /* SignUpViewController.h */,
				256F39831D12847D00175E5A /* SignUpViewController.m */,
			);
			name = Controller;
			sourceTree = "<group>";
		};
		2512A1CA1D11305400ED884B /* View */ = {
			isa = PBXGroup;
			children = (
				256F397F1D12836900175E5A /* SignUpView.h */,
				256F39801D12836900175E5A /* SignUpView.m */,
				2512A1CB1D1130B100ED884B /* LoginView.h */,
				2512A1CC1D1130B100ED884B /* LoginView.m */,
				256F39881D12887D00175E5A /* VerifyView.h */,
				256F39891D12887D00175E5A /* VerifyView.m */,
			);
			name = View;
			sourceTree = "<group>";
		};
		253BF5721D0D49F40006086D = {
			isa = PBXGroup;
			children = (
				253BF57D1D0D49F40006086D /* mckfc */,
				253BF5971D0D49F40006086D /* mckfcTests */,
				253BF5A21D0D49F40006086D /* mckfcUITests */,
				253BF57C1D0D49F40006086D /* Products */,
				A63FCE96A22AEE0765795ED2 /* Pods */,
				6D34ADC7180CE478E4CDD7FE /* Frameworks */,
			);
			sourceTree = "<group>";
		};
		253BF57C1D0D49F40006086D /* Products */ = {
			isa = PBXGroup;
			children = (
				253BF57B1D0D49F40006086D /* mckfc.app */,
				253BF5941D0D49F40006086D /* mckfcTests.xctest */,
				253BF59F1D0D49F40006086D /* mckfcUITests.xctest */,
			);
			name = Products;
			sourceTree = "<group>";
		};
		253BF57D1D0D49F40006086D /* mckfc */ = {
			isa = PBXGroup;
			children = (
				253BF5811D0D49F40006086D /* AppDelegate.h */,
				253BF5821D0D49F40006086D /* AppDelegate.m */,
				253BF58A1D0D49F40006086D /* Assets.xcassets */,
				253BF58C1D0D49F40006086D /* LaunchScreen.storyboard */,
				253BF58F1D0D49F40006086D /* Info.plist */,
				2512A1C21D111B3E00ED884B /* ServerManager.h */,
				2512A1C31D111B3E00ED884B /* ServerManager.m */,
				2512A1C51D112F9900ED884B /* Login */,
				25CECAF81D17A43700C9CCBE /* Loading */,
				256F399D1D13D7DF00175E5A /* DetailEditor */,
				251175471D10EB7500C3CE91 /* View */,
				25EDD78C1D0E848A00AFB6F3 /* Model */,
				253BF57E1D0D49F40006086D /* Supporting Files */,
				2511754A1D10FD6700C3CE91 /* Constant */,
			);
			path = mckfc;
			sourceTree = "<group>";
		};
		253BF57E1D0D49F40006086D /* Supporting Files */ = {
			isa = PBXGroup;
			children = (
				253BF57F1D0D49F40006086D /* main.m */,
			);
			name = "Supporting Files";
			sourceTree = "<group>";
		};
		253BF5971D0D49F40006086D /* mckfcTests */ = {
			isa = PBXGroup;
			children = (
				253BF5981D0D49F40006086D /* mckfcTests.m */,
				253BF59A1D0D49F40006086D /* Info.plist */,
			);
			path = mckfcTests;
			sourceTree = "<group>";
		};
		253BF5A21D0D49F40006086D /* mckfcUITests */ = {
			isa = PBXGroup;
			children = (
				253BF5A31D0D49F40006086D /* mckfcUITests.m */,
				253BF5A51D0D49F40006086D /* Info.plist */,
			);
			path = mckfcUITests;
			sourceTree = "<group>";
		};
		256F399D1D13D7DF00175E5A /* DetailEditor */ = {
			isa = PBXGroup;
			children = (
				256F399F1D13D7FA00175E5A /* View */,
				256F399E1D13D7F400175E5A /* Controller */,
			);
			name = DetailEditor;
			sourceTree = "<group>";
		};
		256F399E1D13D7F400175E5A /* Controller */ = {
			isa = PBXGroup;
			children = (
				256F39941D12B2A000175E5A /* DriverDetailEditorController.h */,
				256F39951D12B2A000175E5A /* DriverDetailEditorController.m */,
				256F39A01D13D83200175E5A /* EditorNav.h */,
				256F39A11D13D83200175E5A /* EditorNav.m */,
			);
			name = Controller;
			sourceTree = "<group>";
		};
		256F399F1D13D7FA00175E5A /* View */ = {
			isa = PBXGroup;
			children = (
				256F39971D12B34D00175E5A /* DriverDetailEditorCell.h */,
				256F39981D12B34D00175E5A /* DriverDetailEditorCell.m */,
			);
			name = View;
			sourceTree = "<group>";
		};
		25CECAF81D17A43700C9CCBE /* Loading */ = {
			isa = PBXGroup;
			children = (
				25CECAFA1D17A45900C9CCBE /* ViewController */,
				25CECAF91D17A44800C9CCBE /* View */,
			);
			name = Loading;
			sourceTree = "<group>";
		};
		25CECAF91D17A44800C9CCBE /* View */ = {
			isa = PBXGroup;
			children = (
				251175441D10EB6B00C3CE91 /* UserView.h */,
				251175451D10EB6B00C3CE91 /* UserView.m */,
				256F399A1D13A32000175E5A /* StatsView.h */,
				256F399B1D13A32000175E5A /* StatsView.m */,
				25CECB011D17ACF900C9CCBE /* LoadingCell.h */,
				25CECB021D17ACF900C9CCBE /* LoadingCell.m */,
			);
			name = View;
			sourceTree = "<group>";
		};
		25CECAFA1D17A45900C9CCBE /* ViewController */ = {
			isa = PBXGroup;
			children = (
				25CECAFB1D17A53500C9CCBE /* LoadingNav.h */,
				25CECAFC1D17A53500C9CCBE /* LoadingNav.m */,
				2512A1CE1D113C6200ED884B /* HomepageViewController.h */,
				2512A1CF1D113C6200ED884B /* HomepageViewController.m */,
				25CECAFE1D17A9D700C9CCBE /* LoadingStatsViewController.h */,
				25CECAFF1D17A9D700C9CCBE /* LoadingStatsViewController.m */,
			);
			name = ViewController;
			sourceTree = "<group>";
		};
		25EDD78C1D0E848A00AFB6F3 /* Model */ = {
			isa = PBXGroup;
			children = (
				25EDD7891D0E847800AFB6F3 /* User.h */,
				25EDD78A1D0E847800AFB6F3 /* User.m */,
			);
			name = Model;
			sourceTree = "<group>";
		};
		6D34ADC7180CE478E4CDD7FE /* Frameworks */ = {
			isa = PBXGroup;
			children = (
				129CF618CF2B96D1FCEA2F02 /* libPods-mckfc.a */,
				B79285101850F79921E443BA /* libPods-mckfcTests.a */,
				2A3474A8AED6CD0ECD45000B /* libPods-mckfcUITests.a */,
			);
			name = Frameworks;
			sourceTree = "<group>";
		};
		A63FCE96A22AEE0765795ED2 /* Pods */ = {
			isa = PBXGroup;
			children = (
				BC2D64BC3C296980EB6B04FB /* Pods-mckfc.debug.xcconfig */,
				2C0EE5CD14F1FFCF59A0F5C5 /* Pods-mckfc.release.xcconfig */,
				AEAD28CECD14E9496644CF81 /* Pods-mckfcTests.debug.xcconfig */,
				4D4A0E75E7FA1CE3164F5BCC /* Pods-mckfcTests.release.xcconfig */,
				1FF49D163B3C6B0B1628572B /* Pods-mckfcUITests.debug.xcconfig */,
				33E4AD97041C7CA6DB6332A6 /* Pods-mckfcUITests.release.xcconfig */,
			);
			name = Pods;
			sourceTree = "<group>";
		};
/* End PBXGroup section */

/* Begin PBXNativeTarget section */
		253BF57A1D0D49F40006086D /* mckfc */ = {
			isa = PBXNativeTarget;
			buildConfigurationList = 253BF5A81D0D49F40006086D /* Build configuration list for PBXNativeTarget "mckfc" */;
			buildPhases = (
				8FBC40CC7678E1AF1EA23BA5 /* Check Pods Manifest.lock */,
				253BF5771D0D49F40006086D /* Sources */,
				253BF5781D0D49F40006086D /* Frameworks */,
				253BF5791D0D49F40006086D /* Resources */,
				9D2FEFB3585F653B20751F5B /* Embed Pods Frameworks */,
				148EFF63A0F5F0F8BE506A1D /* Copy Pods Resources */,
			);
			buildRules = (
			);
			dependencies = (
			);
			name = mckfc;
			productName = mckfc;
			productReference = 253BF57B1D0D49F40006086D /* mckfc.app */;
			productType = "com.apple.product-type.application";
		};
		253BF5931D0D49F40006086D /* mckfcTests */ = {
			isa = PBXNativeTarget;
			buildConfigurationList = 253BF5AB1D0D49F40006086D /* Build configuration list for PBXNativeTarget "mckfcTests" */;
			buildPhases = (
				F156D84EBF8814327E86B3CC /* Check Pods Manifest.lock */,
				253BF5901D0D49F40006086D /* Sources */,
				253BF5911D0D49F40006086D /* Frameworks */,
				253BF5921D0D49F40006086D /* Resources */,
				9BFAF3591F8DAE2A3610AFFA /* Embed Pods Frameworks */,
				FB28DCE907A2DFF55BDF5A36 /* Copy Pods Resources */,
			);
			buildRules = (
			);
			dependencies = (
				253BF5961D0D49F40006086D /* PBXTargetDependency */,
			);
			name = mckfcTests;
			productName = mckfcTests;
			productReference = 253BF5941D0D49F40006086D /* mckfcTests.xctest */;
			productType = "com.apple.product-type.bundle.unit-test";
		};
		253BF59E1D0D49F40006086D /* mckfcUITests */ = {
			isa = PBXNativeTarget;
			buildConfigurationList = 253BF5AE1D0D49F40006086D /* Build configuration list for PBXNativeTarget "mckfcUITests" */;
			buildPhases = (
				DB824BBE174FADAD50D8517F /* Check Pods Manifest.lock */,
				253BF59B1D0D49F40006086D /* Sources */,
				253BF59C1D0D49F40006086D /* Frameworks */,
				253BF59D1D0D49F40006086D /* Resources */,
				7A20F13372E789F0B180F445 /* Copy Pods Resources */,
			);
			buildRules = (
			);
			dependencies = (
				253BF5A11D0D49F40006086D /* PBXTargetDependency */,
			);
			name = mckfcUITests;
			productName = mckfcUITests;
			productReference = 253BF59F1D0D49F40006086D /* mckfcUITests.xctest */;
			productType = "com.apple.product-type.bundle.ui-testing";
		};
/* End PBXNativeTarget section */

/* Begin PBXProject section */
		253BF5731D0D49F40006086D /* Project object */ = {
			isa = PBXProject;
			attributes = {
				LastUpgradeCheck = 0730;
				ORGANIZATIONNAME = "Shanghai Impression Culture Communication Co.,Ltd";
				TargetAttributes = {
					253BF57A1D0D49F40006086D = {
						CreatedOnToolsVersion = 7.3.1;
						DevelopmentTeam = 8WV7FK6JAM;
					};
					253BF5931D0D49F40006086D = {
						CreatedOnToolsVersion = 7.3.1;
						TestTargetID = 253BF57A1D0D49F40006086D;
					};
					253BF59E1D0D49F40006086D = {
						CreatedOnToolsVersion = 7.3.1;
						DevelopmentTeam = 8WV7FK6JAM;
						TestTargetID = 253BF57A1D0D49F40006086D;
					};
				};
			};
			buildConfigurationList = 253BF5761D0D49F40006086D /* Build configuration list for PBXProject "mckfc" */;
			compatibilityVersion = "Xcode 3.2";
			developmentRegion = English;
			hasScannedForEncodings = 0;
			knownRegions = (
				en,
				Base,
			);
			mainGroup = 253BF5721D0D49F40006086D;
			productRefGroup = 253BF57C1D0D49F40006086D /* Products */;
			projectDirPath = "";
			projectRoot = "";
			targets = (
				253BF57A1D0D49F40006086D /* mckfc */,
				253BF5931D0D49F40006086D /* mckfcTests */,
				253BF59E1D0D49F40006086D /* mckfcUITests */,
			);
		};
/* End PBXProject section */

/* Begin PBXResourcesBuildPhase section */
		253BF5791D0D49F40006086D /* Resources */ = {
			isa = PBXResourcesBuildPhase;
			buildActionMask = 2147483647;
			files = (
				253BF58E1D0D49F40006086D /* LaunchScreen.storyboard in Resources */,
				253BF58B1D0D49F40006086D /* Assets.xcassets in Resources */,
			);
			runOnlyForDeploymentPostprocessing = 0;
		};
		253BF5921D0D49F40006086D /* Resources */ = {
			isa = PBXResourcesBuildPhase;
			buildActionMask = 2147483647;
			files = (
			);
			runOnlyForDeploymentPostprocessing = 0;
		};
		253BF59D1D0D49F40006086D /* Resources */ = {
			isa = PBXResourcesBuildPhase;
			buildActionMask = 2147483647;
			files = (
			);
			runOnlyForDeploymentPostprocessing = 0;
		};
/* End PBXResourcesBuildPhase section */

/* Begin PBXShellScriptBuildPhase section */
		148EFF63A0F5F0F8BE506A1D /* Copy Pods Resources */ = {
			isa = PBXShellScriptBuildPhase;
			buildActionMask = 2147483647;
			files = (
			);
			inputPaths = (
			);
			name = "Copy Pods Resources";
			outputPaths = (
			);
			runOnlyForDeploymentPostprocessing = 0;
			shellPath = /bin/sh;
			shellScript = "\"${SRCROOT}/Pods/Target Support Files/Pods-mckfc/Pods-mckfc-resources.sh\"\n";
			showEnvVarsInLog = 0;
		};
		7A20F13372E789F0B180F445 /* Copy Pods Resources */ = {
			isa = PBXShellScriptBuildPhase;
			buildActionMask = 2147483647;
			files = (
			);
			inputPaths = (
			);
			name = "Copy Pods Resources";
			outputPaths = (
			);
			runOnlyForDeploymentPostprocessing = 0;
			shellPath = /bin/sh;
			shellScript = "\"${SRCROOT}/Pods/Target Support Files/Pods-mckfcUITests/Pods-mckfcUITests-resources.sh\"\n";
			showEnvVarsInLog = 0;
		};
		8FBC40CC7678E1AF1EA23BA5 /* Check Pods Manifest.lock */ = {
			isa = PBXShellScriptBuildPhase;
			buildActionMask = 2147483647;
			files = (
			);
			inputPaths = (
			);
			name = "Check Pods Manifest.lock";
			outputPaths = (
			);
			runOnlyForDeploymentPostprocessing = 0;
			shellPath = /bin/sh;
			shellScript = "diff \"${PODS_ROOT}/../Podfile.lock\" \"${PODS_ROOT}/Manifest.lock\" > /dev/null\nif [[ $? != 0 ]] ; then\n    cat << EOM\nerror: The sandbox is not in sync with the Podfile.lock. Run 'pod install' or update your CocoaPods installation.\nEOM\n    exit 1\nfi\n";
			showEnvVarsInLog = 0;
		};
		9BFAF3591F8DAE2A3610AFFA /* Embed Pods Frameworks */ = {
			isa = PBXShellScriptBuildPhase;
			buildActionMask = 2147483647;
			files = (
			);
			inputPaths = (
			);
			name = "Embed Pods Frameworks";
			outputPaths = (
			);
			runOnlyForDeploymentPostprocessing = 0;
			shellPath = /bin/sh;
			shellScript = "\"${SRCROOT}/Pods/Target Support Files/Pods-mckfcTests/Pods-mckfcTests-frameworks.sh\"\n";
			showEnvVarsInLog = 0;
		};
		9D2FEFB3585F653B20751F5B /* Embed Pods Frameworks */ = {
			isa = PBXShellScriptBuildPhase;
			buildActionMask = 2147483647;
			files = (
			);
			inputPaths = (
			);
			name = "Embed Pods Frameworks";
			outputPaths = (
			);
			runOnlyForDeploymentPostprocessing = 0;
			shellPath = /bin/sh;
			shellScript = "\"${SRCROOT}/Pods/Target Support Files/Pods-mckfc/Pods-mckfc-frameworks.sh\"\n";
			showEnvVarsInLog = 0;
		};
		DB824BBE174FADAD50D8517F /* Check Pods Manifest.lock */ = {
			isa = PBXShellScriptBuildPhase;
			buildActionMask = 2147483647;
			files = (
			);
			inputPaths = (
			);
			name = "Check Pods Manifest.lock";
			outputPaths = (
			);
			runOnlyForDeploymentPostprocessing = 0;
			shellPath = /bin/sh;
			shellScript = "diff \"${PODS_ROOT}/../Podfile.lock\" \"${PODS_ROOT}/Manifest.lock\" > /dev/null\nif [[ $? != 0 ]] ; then\n    cat << EOM\nerror: The sandbox is not in sync with the Podfile.lock. Run 'pod install' or update your CocoaPods installation.\nEOM\n    exit 1\nfi\n";
			showEnvVarsInLog = 0;
		};
		F156D84EBF8814327E86B3CC /* Check Pods Manifest.lock */ = {
			isa = PBXShellScriptBuildPhase;
			buildActionMask = 2147483647;
			files = (
			);
			inputPaths = (
			);
			name = "Check Pods Manifest.lock";
			outputPaths = (
			);
			runOnlyForDeploymentPostprocessing = 0;
			shellPath = /bin/sh;
			shellScript = "diff \"${PODS_ROOT}/../Podfile.lock\" \"${PODS_ROOT}/Manifest.lock\" > /dev/null\nif [[ $? != 0 ]] ; then\n    cat << EOM\nerror: The sandbox is not in sync with the Podfile.lock. Run 'pod install' or update your CocoaPods installation.\nEOM\n    exit 1\nfi\n";
			showEnvVarsInLog = 0;
		};
		FB28DCE907A2DFF55BDF5A36 /* Copy Pods Resources */ = {
			isa = PBXShellScriptBuildPhase;
			buildActionMask = 2147483647;
			files = (
			);
			inputPaths = (
			);
			name = "Copy Pods Resources";
			outputPaths = (
			);
			runOnlyForDeploymentPostprocessing = 0;
			shellPath = /bin/sh;
			shellScript = "\"${SRCROOT}/Pods/Target Support Files/Pods-mckfcTests/Pods-mckfcTests-resources.sh\"\n";
			showEnvVarsInLog = 0;
		};
/* End PBXShellScriptBuildPhase section */

/* Begin PBXSourcesBuildPhase section */
		253BF5771D0D49F40006086D /* Sources */ = {
			isa = PBXSourcesBuildPhase;
			buildActionMask = 2147483647;
			files = (
				256F397B1D123E3900175E5A /* LoginNav.m in Sources */,
				256F398A1D12887D00175E5A /* VerifyView.m in Sources */,
				2512A1C41D111B3E00ED884B /* ServerManager.m in Sources */,
				25CECB031D17ACF900C9CCBE /* LoadingCell.m in Sources */,
				256F39841D12847D00175E5A /* SignUpViewController.m in Sources */,
				256F39A81D17891A00175E5A /* MCStarView.m in Sources */,
				25EDD78B1D0E847800AFB6F3 /* User.m in Sources */,
				256F39811D12836900175E5A /* SignUpView.m in Sources */,
				2512A1CD1D1130B100ED884B /* LoginView.m in Sources */,
				256F399C1D13A32000175E5A /* StatsView.m in Sources */,
				253BF5831D0D49F40006086D /* AppDelegate.m in Sources */,
				256F39A51D13E8A900175E5A /* AlertHUDView.m in Sources */,
				256F39961D12B2A000175E5A /* DriverDetailEditorController.m in Sources */,
				256F39A21D13D83200175E5A /* EditorNav.m in Sources */,
				25CECB001D17A9D700C9CCBE /* LoadingStatsViewController.m in Sources */,
				256F39991D12B34D00175E5A /* DriverDetailEditorCell.m in Sources */,
				256F397E1D125BB000175E5A /* GifLoadingHUD.m in Sources */,
				2512A1C91D112FDE00ED884B /* LoginViewController.m in Sources */,
				25CECAFD1D17A53500C9CCBE /* LoadingNav.m in Sources */,
				2512A1D01D113C6200ED884B /* HomepageViewController.m in Sources */,
				251175461D10EB6B00C3CE91 /* UserView.m in Sources */,
				253BF5801D0D49F40006086D /* main.m in Sources */,
				256F39871D12885B00175E5A /* VerifyViewController.m in Sources */,
			);
			runOnlyForDeploymentPostprocessing = 0;
		};
		253BF5901D0D49F40006086D /* Sources */ = {
			isa = PBXSourcesBuildPhase;
			buildActionMask = 2147483647;
			files = (
				253BF5991D0D49F40006086D /* mckfcTests.m in Sources */,
			);
			runOnlyForDeploymentPostprocessing = 0;
		};
		253BF59B1D0D49F40006086D /* Sources */ = {
			isa = PBXSourcesBuildPhase;
			buildActionMask = 2147483647;
			files = (
				253BF5A41D0D49F40006086D /* mckfcUITests.m in Sources */,
			);
			runOnlyForDeploymentPostprocessing = 0;
		};
/* End PBXSourcesBuildPhase section */

/* Begin PBXTargetDependency section */
		253BF5961D0D49F40006086D /* PBXTargetDependency */ = {
			isa = PBXTargetDependency;
			target = 253BF57A1D0D49F40006086D /* mckfc */;
			targetProxy = 253BF5951D0D49F40006086D /* PBXContainerItemProxy */;
		};
		253BF5A11D0D49F40006086D /* PBXTargetDependency */ = {
			isa = PBXTargetDependency;
			target = 253BF57A1D0D49F40006086D /* mckfc */;
			targetProxy = 253BF5A01D0D49F40006086D /* PBXContainerItemProxy */;
		};
/* End PBXTargetDependency section */

/* Begin PBXVariantGroup section */
		253BF58C1D0D49F40006086D /* LaunchScreen.storyboard */ = {
			isa = PBXVariantGroup;
			children = (
				253BF58D1D0D49F40006086D /* Base */,
			);
			name = LaunchScreen.storyboard;
			sourceTree = "<group>";
		};
/* End PBXVariantGroup section */

/* Begin XCBuildConfiguration section */
		253BF5A61D0D49F40006086D /* Debug */ = {
			isa = XCBuildConfiguration;
			buildSettings = {
				ALWAYS_SEARCH_USER_PATHS = NO;
				CLANG_ANALYZER_NONNULL = YES;
				CLANG_CXX_LANGUAGE_STANDARD = "gnu++0x";
				CLANG_CXX_LIBRARY = "libc++";
				CLANG_ENABLE_MODULES = YES;
				CLANG_ENABLE_OBJC_ARC = YES;
				CLANG_WARN_BOOL_CONVERSION = YES;
				CLANG_WARN_CONSTANT_CONVERSION = YES;
				CLANG_WARN_DIRECT_OBJC_ISA_USAGE = YES_ERROR;
				CLANG_WARN_EMPTY_BODY = YES;
				CLANG_WARN_ENUM_CONVERSION = YES;
				CLANG_WARN_INT_CONVERSION = YES;
				CLANG_WARN_OBJC_ROOT_CLASS = YES_ERROR;
				CLANG_WARN_UNREACHABLE_CODE = YES;
				CLANG_WARN__DUPLICATE_METHOD_MATCH = YES;
				CODE_SIGN_IDENTITY = "iPhone Developer";
				"CODE_SIGN_IDENTITY[sdk=iphoneos*]" = "iPhone Developer";
				COPY_PHASE_STRIP = NO;
				DEBUG_INFORMATION_FORMAT = dwarf;
				ENABLE_STRICT_OBJC_MSGSEND = YES;
				ENABLE_TESTABILITY = YES;
				GCC_C_LANGUAGE_STANDARD = gnu99;
				GCC_DYNAMIC_NO_PIC = NO;
				GCC_NO_COMMON_BLOCKS = YES;
				GCC_OPTIMIZATION_LEVEL = 0;
				GCC_PREFIX_HEADER = "$(SRCROOT)/mckfc/PrefixHeader.pch";
				GCC_PREPROCESSOR_DEFINITIONS = (
					"DEBUG=1",
					"$(inherited)",
				);
				GCC_WARN_64_TO_32_BIT_CONVERSION = YES;
				GCC_WARN_ABOUT_RETURN_TYPE = YES_ERROR;
				GCC_WARN_UNDECLARED_SELECTOR = YES;
				GCC_WARN_UNINITIALIZED_AUTOS = YES_AGGRESSIVE;
				GCC_WARN_UNUSED_FUNCTION = YES;
				GCC_WARN_UNUSED_VARIABLE = YES;
				IPHONEOS_DEPLOYMENT_TARGET = 8.0;
				MTL_ENABLE_DEBUG_INFO = YES;
				ONLY_ACTIVE_ARCH = YES;
				PROVISIONING_PROFILE = "";
				SDKROOT = iphoneos;
			};
			name = Debug;
		};
		253BF5A71D0D49F40006086D /* Release */ = {
			isa = XCBuildConfiguration;
			buildSettings = {
				ALWAYS_SEARCH_USER_PATHS = NO;
				CLANG_ANALYZER_NONNULL = YES;
				CLANG_CXX_LANGUAGE_STANDARD = "gnu++0x";
				CLANG_CXX_LIBRARY = "libc++";
				CLANG_ENABLE_MODULES = YES;
				CLANG_ENABLE_OBJC_ARC = YES;
				CLANG_WARN_BOOL_CONVERSION = YES;
				CLANG_WARN_CONSTANT_CONVERSION = YES;
				CLANG_WARN_DIRECT_OBJC_ISA_USAGE = YES_ERROR;
				CLANG_WARN_EMPTY_BODY = YES;
				CLANG_WARN_ENUM_CONVERSION = YES;
				CLANG_WARN_INT_CONVERSION = YES;
				CLANG_WARN_OBJC_ROOT_CLASS = YES_ERROR;
				CLANG_WARN_UNREACHABLE_CODE = YES;
				CLANG_WARN__DUPLICATE_METHOD_MATCH = YES;
				CODE_SIGN_IDENTITY = "iPhone Developer";
				"CODE_SIGN_IDENTITY[sdk=iphoneos*]" = "iPhone Developer";
				COPY_PHASE_STRIP = NO;
				DEBUG_INFORMATION_FORMAT = "dwarf-with-dsym";
				ENABLE_NS_ASSERTIONS = NO;
				ENABLE_STRICT_OBJC_MSGSEND = YES;
				GCC_C_LANGUAGE_STANDARD = gnu99;
				GCC_NO_COMMON_BLOCKS = YES;
				GCC_PREFIX_HEADER = "$(SRCROOT)/mckfc/PrefixHeader.pch";
				GCC_WARN_64_TO_32_BIT_CONVERSION = YES;
				GCC_WARN_ABOUT_RETURN_TYPE = YES_ERROR;
				GCC_WARN_UNDECLARED_SELECTOR = YES;
				GCC_WARN_UNINITIALIZED_AUTOS = YES_AGGRESSIVE;
				GCC_WARN_UNUSED_FUNCTION = YES;
				GCC_WARN_UNUSED_VARIABLE = YES;
				IPHONEOS_DEPLOYMENT_TARGET = 8.0;
				MTL_ENABLE_DEBUG_INFO = NO;
				PROVISIONING_PROFILE = "";
				SDKROOT = iphoneos;
				VALIDATE_PRODUCT = YES;
			};
			name = Release;
		};
		253BF5A91D0D49F40006086D /* Debug */ = {
			isa = XCBuildConfiguration;
			baseConfigurationReference = BC2D64BC3C296980EB6B04FB /* Pods-mckfc.debug.xcconfig */;
			buildSettings = {
				ASSETCATALOG_COMPILER_APPICON_NAME = AppIcon;
				CODE_SIGN_IDENTITY = "iPhone Developer";
				"CODE_SIGN_IDENTITY[sdk=iphoneos*]" = "iPhone Developer";
				INFOPLIST_FILE = mckfc/Info.plist;
				LD_RUNPATH_SEARCH_PATHS = "$(inherited) @executable_path/Frameworks";
				PRODUCT_BUNDLE_IDENTIFIER = com.huayin.mckfc;
				PRODUCT_NAME = "$(TARGET_NAME)";
				PROVISIONING_PROFILE = "";
			};
			name = Debug;
		};
		253BF5AA1D0D49F40006086D /* Release */ = {
			isa = XCBuildConfiguration;
			baseConfigurationReference = 2C0EE5CD14F1FFCF59A0F5C5 /* Pods-mckfc.release.xcconfig */;
			buildSettings = {
				ASSETCATALOG_COMPILER_APPICON_NAME = AppIcon;
				CODE_SIGN_IDENTITY = "iPhone Developer";
				"CODE_SIGN_IDENTITY[sdk=iphoneos*]" = "iPhone Developer";
				INFOPLIST_FILE = mckfc/Info.plist;
				LD_RUNPATH_SEARCH_PATHS = "$(inherited) @executable_path/Frameworks";
				PRODUCT_BUNDLE_IDENTIFIER = com.huayin.mckfc;
				PRODUCT_NAME = "$(TARGET_NAME)";
				PROVISIONING_PROFILE = "";
			};
			name = Release;
		};
		253BF5AC1D0D49F40006086D /* Debug */ = {
			isa = XCBuildConfiguration;
			baseConfigurationReference = AEAD28CECD14E9496644CF81 /* Pods-mckfcTests.debug.xcconfig */;
			buildSettings = {
				BUNDLE_LOADER = "$(TEST_HOST)";
				GCC_PREFIX_HEADER = "$(SRCROOT)/mckfc/PrefixHeader.pch";
				INFOPLIST_FILE = mckfcTests/Info.plist;
				LD_RUNPATH_SEARCH_PATHS = "$(inherited) @executable_path/Frameworks @loader_path/Frameworks";
				PRODUCT_BUNDLE_IDENTIFIER = com.huayin.mckfcTests;
				PRODUCT_NAME = "$(TARGET_NAME)";
				PROVISIONING_PROFILE = "";
				TEST_HOST = "$(BUILT_PRODUCTS_DIR)/mckfc.app/mckfc";
			};
			name = Debug;
		};
		253BF5AD1D0D49F40006086D /* Release */ = {
			isa = XCBuildConfiguration;
			baseConfigurationReference = 4D4A0E75E7FA1CE3164F5BCC /* Pods-mckfcTests.release.xcconfig */;
			buildSettings = {
				BUNDLE_LOADER = "$(TEST_HOST)";
				GCC_PREFIX_HEADER = "$(SRCROOT)/mckfc/PrefixHeader.pch";
				INFOPLIST_FILE = mckfcTests/Info.plist;
				LD_RUNPATH_SEARCH_PATHS = "$(inherited) @executable_path/Frameworks @loader_path/Frameworks";
				PRODUCT_BUNDLE_IDENTIFIER = com.huayin.mckfcTests;
				PRODUCT_NAME = "$(TARGET_NAME)";
				PROVISIONING_PROFILE = "";
				TEST_HOST = "$(BUILT_PRODUCTS_DIR)/mckfc.app/mckfc";
			};
			name = Release;
		};
		253BF5AF1D0D49F40006086D /* Debug */ = {
			isa = XCBuildConfiguration;
			baseConfigurationReference = 1FF49D163B3C6B0B1628572B /* Pods-mckfcUITests.debug.xcconfig */;
			buildSettings = {
				CODE_SIGN_IDENTITY = "iPhone Developer";
				"CODE_SIGN_IDENTITY[sdk=iphoneos*]" = "iPhone Developer";
				INFOPLIST_FILE = mckfcUITests/Info.plist;
				LD_RUNPATH_SEARCH_PATHS = "$(inherited) @executable_path/Frameworks @loader_path/Frameworks";
				PRODUCT_BUNDLE_IDENTIFIER = com.huayin.mckfcUITests;
				PRODUCT_NAME = "$(TARGET_NAME)";
				PROVISIONING_PROFILE = "";
				TEST_TARGET_NAME = mckfc;
			};
			name = Debug;
		};
		253BF5B01D0D49F40006086D /* Release */ = {
			isa = XCBuildConfiguration;
			baseConfigurationReference = 33E4AD97041C7CA6DB6332A6 /* Pods-mckfcUITests.release.xcconfig */;
			buildSettings = {
				CODE_SIGN_IDENTITY = "iPhone Developer";
				"CODE_SIGN_IDENTITY[sdk=iphoneos*]" = "iPhone Developer";
				INFOPLIST_FILE = mckfcUITests/Info.plist;
				LD_RUNPATH_SEARCH_PATHS = "$(inherited) @executable_path/Frameworks @loader_path/Frameworks";
				PRODUCT_BUNDLE_IDENTIFIER = com.huayin.mckfcUITests;
				PRODUCT_NAME = "$(TARGET_NAME)";
				PROVISIONING_PROFILE = "";
				TEST_TARGET_NAME = mckfc;
			};
			name = Release;
		};
/* End XCBuildConfiguration section */

/* Begin XCConfigurationList section */
		253BF5761D0D49F40006086D /* Build configuration list for PBXProject "mckfc" */ = {
			isa = XCConfigurationList;
			buildConfigurations = (
				253BF5A61D0D49F40006086D /* Debug */,
				253BF5A71D0D49F40006086D /* Release */,
			);
			defaultConfigurationIsVisible = 0;
			defaultConfigurationName = Release;
		};
		253BF5A81D0D49F40006086D /* Build configuration list for PBXNativeTarget "mckfc" */ = {
			isa = XCConfigurationList;
			buildConfigurations = (
				253BF5A91D0D49F40006086D /* Debug */,
				253BF5AA1D0D49F40006086D /* Release */,
			);
			defaultConfigurationIsVisible = 0;
			defaultConfigurationName = Release;
		};
		253BF5AB1D0D49F40006086D /* Build configuration list for PBXNativeTarget "mckfcTests" */ = {
			isa = XCConfigurationList;
			buildConfigurations = (
				253BF5AC1D0D49F40006086D /* Debug */,
				253BF5AD1D0D49F40006086D /* Release */,
			);
			defaultConfigurationIsVisible = 0;
			defaultConfigurationName = Release;
		};
		253BF5AE1D0D49F40006086D /* Build configuration list for PBXNativeTarget "mckfcUITests" */ = {
			isa = XCConfigurationList;
			buildConfigurations = (
				253BF5AF1D0D49F40006086D /* Debug */,
				253BF5B01D0D49F40006086D /* Release */,
			);
			defaultConfigurationIsVisible = 0;
			defaultConfigurationName = Release;
		};
/* End XCConfigurationList section */
	};
	rootObject = 253BF5731D0D49F40006086D /* Project object */;
}
