// !$*UTF8*$!
{
	archiveVersion = 1;
	classes = {
	};
	objectVersion = 46;
	objects = {

/* Begin PBXBuildFile section */
		0536D0BF9A2B53E97CE9B35B /* libPods-mckfcTests.a in Frameworks */ = {isa = PBXBuildFile; fileRef = AE4E36EEFF727AF16A3D7DA0 /* libPods-mckfcTests.a */; };
		251175461D10EB6B00C3CE91 /* UserView.m in Sources */ = {isa = PBXBuildFile; fileRef = 251175451D10EB6B00C3CE91 /* UserView.m */; };
		2512A1C41D111B3E00ED884B /* ServerManager.m in Sources */ = {isa = PBXBuildFile; fileRef = 2512A1C31D111B3E00ED884B /* ServerManager.m */; };
		2512A1C91D112FDE00ED884B /* LoginViewController.m in Sources */ = {isa = PBXBuildFile; fileRef = 2512A1C81D112FDE00ED884B /* LoginViewController.m */; };
		2512A1CD1D1130B100ED884B /* LoginView.m in Sources */ = {isa = PBXBuildFile; fileRef = 2512A1CC1D1130B100ED884B /* LoginView.m */; };
		2512A1D01D113C6200ED884B /* HomepageViewController.m in Sources */ = {isa = PBXBuildFile; fileRef = 2512A1CF1D113C6200ED884B /* HomepageViewController.m */; };
		251E08881D48714400753FC2 /* MsgListViewController.m in Sources */ = {isa = PBXBuildFile; fileRef = 251E08871D48714400753FC2 /* MsgListViewController.m */; };
		251F378B1D26447D00B423D1 /* Report.m in Sources */ = {isa = PBXBuildFile; fileRef = 251F378A1D26447D00B423D1 /* Report.m */; };
		251F378F1D26698C00B423D1 /* ReportCollectionView.m in Sources */ = {isa = PBXBuildFile; fileRef = 251F378E1D26698C00B423D1 /* ReportCollectionView.m */; };
		2525CF271D3CDD5000F3079F /* Store.m in Sources */ = {isa = PBXBuildFile; fileRef = 2525CF261D3CDD5000F3079F /* Store.m */; };
		2525CF2B1D3CDF3A00F3079F /* StoreReport.m in Sources */ = {isa = PBXBuildFile; fileRef = 2525CF2A1D3CDF3A00F3079F /* StoreReport.m */; };
		2525CF2E1D3CE59100F3079F /* TODOViewController.m in Sources */ = {isa = PBXBuildFile; fileRef = 2525CF2D1D3CE59100F3079F /* TODOViewController.m */; };
		2525CF311D3DCF3800F3079F /* SettingViewController.m in Sources */ = {isa = PBXBuildFile; fileRef = 2525CF301D3DCF3800F3079F /* SettingViewController.m */; };
		2526B05E1D59994600271D16 /* FarmerRecordCell.m in Sources */ = {isa = PBXBuildFile; fileRef = 2526B05D1D59994600271D16 /* FarmerRecordCell.m */; };
		2527ECCB1D350C8C00350DC6 /* rightNavigationItem.m in Sources */ = {isa = PBXBuildFile; fileRef = 2527ECCA1D350C8C00350DC6 /* rightNavigationItem.m */; };
		2527ECCE1D35D8AC00350DC6 /* CarPlateRegionSelector.m in Sources */ = {isa = PBXBuildFile; fileRef = 2527ECCD1D35D8AC00350DC6 /* CarPlateRegionSelector.m */; };
		252905891D66DAAF00ECC9EC /* Factory.m in Sources */ = {isa = PBXBuildFile; fileRef = 252905881D66DAAF00ECC9EC /* Factory.m */; };
		252B63261D1CDC7700C108C0 /* NSString+MD5.m in Sources */ = {isa = PBXBuildFile; fileRef = 252B63251D1CDC7700C108C0 /* NSString+MD5.m */; };
		252EF9B81D2E3C4C00565D00 /* SecurityNav.m in Sources */ = {isa = PBXBuildFile; fileRef = 252EF9B71D2E3C4C00565D00 /* SecurityNav.m */; };
		252EF9BB1D2E46A500565D00 /* SecurityHomePage.m in Sources */ = {isa = PBXBuildFile; fileRef = 252EF9BA1D2E46A500565D00 /* SecurityHomePage.m */; };
		252EF9C01D2E482400565D00 /* CommonUserView.m in Sources */ = {isa = PBXBuildFile; fileRef = 252EF9BF1D2E482400565D00 /* CommonUserView.m */; };
		252EF9C31D2E4F2300565D00 /* CommonMenuView.m in Sources */ = {isa = PBXBuildFile; fileRef = 252EF9C21D2E4F2300565D00 /* CommonMenuView.m */; };
		252EF9C61D2E6EED00565D00 /* QualityControlNav.m in Sources */ = {isa = PBXBuildFile; fileRef = 252EF9C51D2E6EED00565D00 /* QualityControlNav.m */; };
		252EF9C91D2E6F1000565D00 /* QualityControlHomePage.m in Sources */ = {isa = PBXBuildFile; fileRef = 252EF9C81D2E6F1000565D00 /* QualityControlHomePage.m */; };
		252EF9D31D2F4D2800565D00 /* WorkRecordViewController.m in Sources */ = {isa = PBXBuildFile; fileRef = 252EF9D21D2F4D2800565D00 /* WorkRecordViewController.m */; };
		252EF9D61D2F5C4100565D00 /* WorkRecordCell.m in Sources */ = {isa = PBXBuildFile; fileRef = 252EF9D51D2F5C4100565D00 /* WorkRecordCell.m */; };
		252EF9D91D2F5D2400565D00 /* WorkStatusView.m in Sources */ = {isa = PBXBuildFile; fileRef = 252EF9D81D2F5D2400565D00 /* WorkStatusView.m */; };
		252EF9DC1D2FA51C00565D00 /* WorkDetailViewController.m in Sources */ = {isa = PBXBuildFile; fileRef = 252EF9DB1D2FA51C00565D00 /* WorkDetailViewController.m */; };
		252EF9DF1D30AC1B00565D00 /* orderGeneralReport.m in Sources */ = {isa = PBXBuildFile; fileRef = 252EF9DE1D30AC1B00565D00 /* orderGeneralReport.m */; };
		252EF9E21D30AF9F00565D00 /* WorkFlowCell.m in Sources */ = {isa = PBXBuildFile; fileRef = 252EF9E11D30AF9F00565D00 /* WorkFlowCell.m */; };
		252EF9E51D33407900565D00 /* MCDatePickerView.m in Sources */ = {isa = PBXBuildFile; fileRef = 252EF9E41D33407900565D00 /* MCDatePickerView.m */; };
		252EF9E81D3349FE00565D00 /* Vendor.m in Sources */ = {isa = PBXBuildFile; fileRef = 252EF9E71D3349FE00565D00 /* Vendor.m */; };
		252EF9EB1D3369E900565D00 /* City.m in Sources */ = {isa = PBXBuildFile; fileRef = 252EF9EA1D3369E900565D00 /* City.m */; };
		252EF9EE1D336F4400565D00 /* Field.m in Sources */ = {isa = PBXBuildFile; fileRef = 252EF9ED1D336F4400565D00 /* Field.m */; };
		252EF9F11D337BA000565D00 /* TransportDetail.m in Sources */ = {isa = PBXBuildFile; fileRef = 252EF9F01D337BA000565D00 /* TransportDetail.m */; };
		252FADB01D530DA30072E26D /* FarmerPlanViewController.m in Sources */ = {isa = PBXBuildFile; fileRef = 252FADAF1D530DA30072E26D /* FarmerPlanViewController.m */; };
		252FADB31D5311F10072E26D /* FarmerPlanView.m in Sources */ = {isa = PBXBuildFile; fileRef = 252FADB21D5311F10072E26D /* FarmerPlanView.m */; };
		2534B9951D23993400A82E0A /* LoadingStats.m in Sources */ = {isa = PBXBuildFile; fileRef = 2534B9941D23993400A82E0A /* LoadingStats.m */; };
		2534B9981D24ACF400A82E0A /* ReportViewController.m in Sources */ = {isa = PBXBuildFile; fileRef = 2534B9971D24ACF400A82E0A /* ReportViewController.m */; };
		253BF5801D0D49F40006086D /* main.m in Sources */ = {isa = PBXBuildFile; fileRef = 253BF57F1D0D49F40006086D /* main.m */; };
		253BF5831D0D49F40006086D /* AppDelegate.m in Sources */ = {isa = PBXBuildFile; fileRef = 253BF5821D0D49F40006086D /* AppDelegate.m */; };
		253BF58B1D0D49F40006086D /* Assets.xcassets in Resources */ = {isa = PBXBuildFile; fileRef = 253BF58A1D0D49F40006086D /* Assets.xcassets */; };
		253BF58E1D0D49F40006086D /* LaunchScreen.storyboard in Resources */ = {isa = PBXBuildFile; fileRef = 253BF58C1D0D49F40006086D /* LaunchScreen.storyboard */; };
		253BF5991D0D49F40006086D /* mckfcTests.m in Sources */ = {isa = PBXBuildFile; fileRef = 253BF5981D0D49F40006086D /* mckfcTests.m */; };
		253BF5A41D0D49F40006086D /* mckfcUITests.m in Sources */ = {isa = PBXBuildFile; fileRef = 253BF5A31D0D49F40006086D /* mckfcUITests.m */; };
		256E873D1D65C9F800C82521 /* InspectDetailView.m in Sources */ = {isa = PBXBuildFile; fileRef = 256E873C1D65C9F800C82521 /* InspectDetailView.m */; };
		256F397B1D123E3900175E5A /* LoginNav.m in Sources */ = {isa = PBXBuildFile; fileRef = 256F397A1D123E3900175E5A /* LoginNav.m */; };
		256F39811D12836900175E5A /* SignUpView.m in Sources */ = {isa = PBXBuildFile; fileRef = 256F39801D12836900175E5A /* SignUpView.m */; };
		256F39841D12847D00175E5A /* SignUpViewController.m in Sources */ = {isa = PBXBuildFile; fileRef = 256F39831D12847D00175E5A /* SignUpViewController.m */; };
		256F39871D12885B00175E5A /* VerifyViewController.m in Sources */ = {isa = PBXBuildFile; fileRef = 256F39861D12885B00175E5A /* VerifyViewController.m */; };
		256F398A1D12887D00175E5A /* VerifyView.m in Sources */ = {isa = PBXBuildFile; fileRef = 256F39891D12887D00175E5A /* VerifyView.m */; };
		256F39961D12B2A000175E5A /* DriverDetailEditorController.m in Sources */ = {isa = PBXBuildFile; fileRef = 256F39951D12B2A000175E5A /* DriverDetailEditorController.m */; };
		256F39991D12B34D00175E5A /* DriverDetailEditorCell.m in Sources */ = {isa = PBXBuildFile; fileRef = 256F39981D12B34D00175E5A /* DriverDetailEditorCell.m */; };
		256F399C1D13A32000175E5A /* StatsView.m in Sources */ = {isa = PBXBuildFile; fileRef = 256F399B1D13A32000175E5A /* StatsView.m */; };
		256F39A21D13D83200175E5A /* EditorNav.m in Sources */ = {isa = PBXBuildFile; fileRef = 256F39A11D13D83200175E5A /* EditorNav.m */; };
		256F39A51D13E8A900175E5A /* AlertHUDView.m in Sources */ = {isa = PBXBuildFile; fileRef = 256F39A41D13E8A900175E5A /* AlertHUDView.m */; };
		256F39A81D17891A00175E5A /* MCStarView.m in Sources */ = {isa = PBXBuildFile; fileRef = 256F39A71D17891A00175E5A /* MCStarView.m */; };
		2574C03E1D640E5F00940C95 /* QRDetailController.m in Sources */ = {isa = PBXBuildFile; fileRef = 2574C03D1D640E5F00940C95 /* QRDetailController.m */; };
		2574C0411D646AF100940C95 /* Package.m in Sources */ = {isa = PBXBuildFile; fileRef = 2574C0401D646AF100940C95 /* Package.m */; };
		257DB7971D38B4C400C2227E /* workRecord.m in Sources */ = {isa = PBXBuildFile; fileRef = 257DB7961D38B4C400C2227E /* workRecord.m */; };
		257DB79A1D38C9BF00C2227E /* WorkDetail.m in Sources */ = {isa = PBXBuildFile; fileRef = 257DB7991D38C9BF00C2227E /* WorkDetail.m */; };
		257DB79D1D38D24000C2227E /* WorkFlow.m in Sources */ = {isa = PBXBuildFile; fileRef = 257DB79C1D38D24000C2227E /* WorkFlow.m */; };
		257DB7A61D38E91900C2227E /* TruckUnloadProcessViewController.m in Sources */ = {isa = PBXBuildFile; fileRef = 257DB7A51D38E91900C2227E /* TruckUnloadProcessViewController.m */; };
		257DB7A91D38EC0D00C2227E /* QualityCheckViewController.m in Sources */ = {isa = PBXBuildFile; fileRef = 257DB7A81D38EC0D00C2227E /* QualityCheckViewController.m */; };
		257DB7AC1D39E0D700C2227E /* WorkFlowInterface.m in Sources */ = {isa = PBXBuildFile; fileRef = 257DB7AB1D39E0D700C2227E /* WorkFlowInterface.m */; };
		257DB7AF1D3C696F00C2227E /* InspectionViewController.m in Sources */ = {isa = PBXBuildFile; fileRef = 257DB7AE1D3C696F00C2227E /* InspectionViewController.m */; };
		257DB7B21D3C71AF00C2227E /* InspectionReport.m in Sources */ = {isa = PBXBuildFile; fileRef = 257DB7B11D3C71AF00C2227E /* InspectionReport.m */; };
		257DB7B51D3C821E00C2227E /* DynamicHeightTextCell.m in Sources */ = {isa = PBXBuildFile; fileRef = 257DB7B41D3C821E00C2227E /* DynamicHeightTextCell.m */; };
		257DB7B81D3CC7FF00C2227E /* rejectionSelectableCell.m in Sources */ = {isa = PBXBuildFile; fileRef = 257DB7B71D3CC7FF00C2227E /* rejectionSelectableCell.m */; };
		258F01561D3F4C4C002A58B0 /* queueViewModel.m in Sources */ = {isa = PBXBuildFile; fileRef = 258F01551D3F4C4C002A58B0 /* queueViewModel.m */; };
		25B004931D1920E00018EEB1 /* QueueViewController.m in Sources */ = {isa = PBXBuildFile; fileRef = 25B004921D1920E00018EEB1 /* QueueViewController.m */; };
		25B004991D1922970018EEB1 /* QRCodeView.m in Sources */ = {isa = PBXBuildFile; fileRef = 25B004981D1922970018EEB1 /* QRCodeView.m */; };
		25CB81981D53449600EDD05C /* FarmerQRCodeVC.m in Sources */ = {isa = PBXBuildFile; fileRef = 25CB81971D53449600EDD05C /* FarmerQRCodeVC.m */; };
		25CB819B1D5344C400EDD05C /* FarmerQRCodeView.m in Sources */ = {isa = PBXBuildFile; fileRef = 25CB819A1D5344C400EDD05C /* FarmerQRCodeView.m */; };
		25CB819E1D5423CB00EDD05C /* FarmerNav.m in Sources */ = {isa = PBXBuildFile; fileRef = 25CB819D1D5423CB00EDD05C /* FarmerNav.m */; };
		25CB81A11D54513F00EDD05C /* AddRecordViewController.m in Sources */ = {isa = PBXBuildFile; fileRef = 25CB81A01D54513F00EDD05C /* AddRecordViewController.m */; };
		25CB81A41D546CD800EDD05C /* AddRecordTable.m in Sources */ = {isa = PBXBuildFile; fileRef = 25CB81A31D546CD800EDD05C /* AddRecordTable.m */; };
		25CE35B91D5AF03D005ADBA7 /* nofityViewController.m in Sources */ = {isa = PBXBuildFile; fileRef = 25CE35B81D5AF03D005ADBA7 /* nofityViewController.m */; };
		25CECAFD1D17A53500C9CCBE /* LoadingNav.m in Sources */ = {isa = PBXBuildFile; fileRef = 25CECAFC1D17A53500C9CCBE /* LoadingNav.m */; };
		25CECB001D17A9D700C9CCBE /* LoadingStatsViewController.m in Sources */ = {isa = PBXBuildFile; fileRef = 25CECAFF1D17A9D700C9CCBE /* LoadingStatsViewController.m */; };
		25CECB031D17ACF900C9CCBE /* LoadingCell.m in Sources */ = {isa = PBXBuildFile; fileRef = 25CECB021D17ACF900C9CCBE /* LoadingCell.m */; };
		25CECB061D17BFC600C9CCBE /* MapViewController.m in Sources */ = {isa = PBXBuildFile; fileRef = 25CECB051D17BFC600C9CCBE /* MapViewController.m */; };
		25CECB091D18DE7C00C9CCBE /* TranspotationPlanViewController.m in Sources */ = {isa = PBXBuildFile; fileRef = 25CECB081D18DE7C00C9CCBE /* TranspotationPlanViewController.m */; };
		25CECB0F1D18E28B00C9CCBE /* TransportationViewCell.m in Sources */ = {isa = PBXBuildFile; fileRef = 25CECB0E1D18E28B00C9CCBE /* TransportationViewCell.m */; };
		25EDD78B1D0E847800AFB6F3 /* User.m in Sources */ = {isa = PBXBuildFile; fileRef = 25EDD78A1D0E847800AFB6F3 /* User.m */; };
		25F0DF141D1D2C5E007CEF17 /* MCPickerView.m in Sources */ = {isa = PBXBuildFile; fileRef = 25F0DF131D1D2C5E007CEF17 /* MCPickerView.m */; };
		A5DB25468C30AB50BD52BDE9 /* libPods-mckfcUITests.a in Frameworks */ = {isa = PBXBuildFile; fileRef = B1E67B6825D7F6BF89CFD1E3 /* libPods-mckfcUITests.a */; };
		FD2AA87E69AE5E569D0528E5 /* libPods-mckfc.a in Frameworks */ = {isa = PBXBuildFile; fileRef = 6CFBD1531EC9195115270AAE /* libPods-mckfc.a */; };
/* End PBXBuildFile section */

/* Begin PBXContainerItemProxy section */
		253BF5951D0D49F40006086D /* PBXContainerItemProxy */ = {
			isa = PBXContainerItemProxy;
			containerPortal = 253BF5731D0D49F40006086D /* Project object */;
			proxyType = 1;
			remoteGlobalIDString = 253BF57A1D0D49F40006086D;
			remoteInfo = mckfc;
		};
		253BF5A01D0D49F40006086D /* PBXContainerItemProxy */ = {
			isa = PBXContainerItemProxy;
			containerPortal = 253BF5731D0D49F40006086D /* Project object */;
			proxyType = 1;
			remoteGlobalIDString = 253BF57A1D0D49F40006086D;
			remoteInfo = mckfc;
		};
/* End PBXContainerItemProxy section */

/* Begin PBXFileReference section */
		1FF49D163B3C6B0B1628572B /* Pods-mckfcUITests.debug.xcconfig */ = {isa = PBXFileReference; includeInIndex = 1; lastKnownFileType = text.xcconfig; name = "Pods-mckfcUITests.debug.xcconfig"; path = "Pods/Target Support Files/Pods-mckfcUITests/Pods-mckfcUITests.debug.xcconfig"; sourceTree = "<group>"; };
		251175441D10EB6B00C3CE91 /* UserView.h */ = {isa = PBXFileReference; fileEncoding = 4; lastKnownFileType = sourcecode.c.h; path = UserView.h; sourceTree = "<group>"; };
		251175451D10EB6B00C3CE91 /* UserView.m */ = {isa = PBXFileReference; fileEncoding = 4; lastKnownFileType = sourcecode.c.objc; path = UserView.m; sourceTree = "<group>"; };
		251175481D10FA0100C3CE91 /* PrefixHeader.pch */ = {isa = PBXFileReference; lastKnownFileType = sourcecode.c.h; path = PrefixHeader.pch; sourceTree = "<group>"; };
		251175491D10FC8900C3CE91 /* Constant.h */ = {isa = PBXFileReference; lastKnownFileType = sourcecode.c.h; path = Constant.h; sourceTree = "<group>"; };
		2512A1C21D111B3E00ED884B /* ServerManager.h */ = {isa = PBXFileReference; fileEncoding = 4; lastKnownFileType = sourcecode.c.h; path = ServerManager.h; sourceTree = "<group>"; };
		2512A1C31D111B3E00ED884B /* ServerManager.m */ = {isa = PBXFileReference; fileEncoding = 4; lastKnownFileType = sourcecode.c.objc; path = ServerManager.m; sourceTree = "<group>"; };
		2512A1C71D112FDE00ED884B /* LoginViewController.h */ = {isa = PBXFileReference; fileEncoding = 4; lastKnownFileType = sourcecode.c.h; path = LoginViewController.h; sourceTree = "<group>"; };
		2512A1C81D112FDE00ED884B /* LoginViewController.m */ = {isa = PBXFileReference; fileEncoding = 4; lastKnownFileType = sourcecode.c.objc; path = LoginViewController.m; sourceTree = "<group>"; };
		2512A1CB1D1130B100ED884B /* LoginView.h */ = {isa = PBXFileReference; fileEncoding = 4; lastKnownFileType = sourcecode.c.h; path = LoginView.h; sourceTree = "<group>"; };
		2512A1CC1D1130B100ED884B /* LoginView.m */ = {isa = PBXFileReference; fileEncoding = 4; lastKnownFileType = sourcecode.c.objc; path = LoginView.m; sourceTree = "<group>"; };
		2512A1CE1D113C6200ED884B /* HomepageViewController.h */ = {isa = PBXFileReference; fileEncoding = 4; lastKnownFileType = sourcecode.c.h; path = HomepageViewController.h; sourceTree = "<group>"; };
		2512A1CF1D113C6200ED884B /* HomepageViewController.m */ = {isa = PBXFileReference; fileEncoding = 4; lastKnownFileType = sourcecode.c.objc; path = HomepageViewController.m; sourceTree = "<group>"; };
		251E08861D48714400753FC2 /* MsgListViewController.h */ = {isa = PBXFileReference; fileEncoding = 4; lastKnownFileType = sourcecode.c.h; path = MsgListViewController.h; sourceTree = "<group>"; };
		251E08871D48714400753FC2 /* MsgListViewController.m */ = {isa = PBXFileReference; fileEncoding = 4; lastKnownFileType = sourcecode.c.objc; path = MsgListViewController.m; sourceTree = "<group>"; };
		251F37891D26447D00B423D1 /* Report.h */ = {isa = PBXFileReference; fileEncoding = 4; lastKnownFileType = sourcecode.c.h; path = Report.h; sourceTree = "<group>"; };
		251F378A1D26447D00B423D1 /* Report.m */ = {isa = PBXFileReference; fileEncoding = 4; lastKnownFileType = sourcecode.c.objc; path = Report.m; sourceTree = "<group>"; };
		251F378D1D26698C00B423D1 /* ReportCollectionView.h */ = {isa = PBXFileReference; fileEncoding = 4; lastKnownFileType = sourcecode.c.h; path = ReportCollectionView.h; sourceTree = "<group>"; };
		251F378E1D26698C00B423D1 /* ReportCollectionView.m */ = {isa = PBXFileReference; fileEncoding = 4; lastKnownFileType = sourcecode.c.objc; path = ReportCollectionView.m; sourceTree = "<group>"; };
		2525CF251D3CDD5000F3079F /* Store.h */ = {isa = PBXFileReference; fileEncoding = 4; lastKnownFileType = sourcecode.c.h; path = Store.h; sourceTree = "<group>"; };
		2525CF261D3CDD5000F3079F /* Store.m */ = {isa = PBXFileReference; fileEncoding = 4; lastKnownFileType = sourcecode.c.objc; path = Store.m; sourceTree = "<group>"; };
		2525CF291D3CDF3A00F3079F /* StoreReport.h */ = {isa = PBXFileReference; fileEncoding = 4; lastKnownFileType = sourcecode.c.h; path = StoreReport.h; sourceTree = "<group>"; };
		2525CF2A1D3CDF3A00F3079F /* StoreReport.m */ = {isa = PBXFileReference; fileEncoding = 4; lastKnownFileType = sourcecode.c.objc; path = StoreReport.m; sourceTree = "<group>"; };
		2525CF2C1D3CE59100F3079F /* TODOViewController.h */ = {isa = PBXFileReference; fileEncoding = 4; lastKnownFileType = sourcecode.c.h; path = TODOViewController.h; sourceTree = "<group>"; };
		2525CF2D1D3CE59100F3079F /* TODOViewController.m */ = {isa = PBXFileReference; fileEncoding = 4; lastKnownFileType = sourcecode.c.objc; path = TODOViewController.m; sourceTree = "<group>"; };
		2525CF2F1D3DCF3800F3079F /* SettingViewController.h */ = {isa = PBXFileReference; fileEncoding = 4; lastKnownFileType = sourcecode.c.h; path = SettingViewController.h; sourceTree = "<group>"; };
		2525CF301D3DCF3800F3079F /* SettingViewController.m */ = {isa = PBXFileReference; fileEncoding = 4; lastKnownFileType = sourcecode.c.objc; path = SettingViewController.m; sourceTree = "<group>"; };
		2526B05C1D59994600271D16 /* FarmerRecordCell.h */ = {isa = PBXFileReference; fileEncoding = 4; lastKnownFileType = sourcecode.c.h; path = FarmerRecordCell.h; sourceTree = "<group>"; };
		2526B05D1D59994600271D16 /* FarmerRecordCell.m */ = {isa = PBXFileReference; fileEncoding = 4; lastKnownFileType = sourcecode.c.objc; path = FarmerRecordCell.m; sourceTree = "<group>"; };
		2527ECC91D350C8C00350DC6 /* rightNavigationItem.h */ = {isa = PBXFileReference; fileEncoding = 4; lastKnownFileType = sourcecode.c.h; path = rightNavigationItem.h; sourceTree = "<group>"; };
		2527ECCA1D350C8C00350DC6 /* rightNavigationItem.m */ = {isa = PBXFileReference; fileEncoding = 4; lastKnownFileType = sourcecode.c.objc; path = rightNavigationItem.m; sourceTree = "<group>"; };
		2527ECCC1D35D8AC00350DC6 /* CarPlateRegionSelector.h */ = {isa = PBXFileReference; fileEncoding = 4; lastKnownFileType = sourcecode.c.h; path = CarPlateRegionSelector.h; sourceTree = "<group>"; };
		2527ECCD1D35D8AC00350DC6 /* CarPlateRegionSelector.m */ = {isa = PBXFileReference; fileEncoding = 4; lastKnownFileType = sourcecode.c.objc; path = CarPlateRegionSelector.m; sourceTree = "<group>"; };
		252905871D66DAAF00ECC9EC /* Factory.h */ = {isa = PBXFileReference; fileEncoding = 4; lastKnownFileType = sourcecode.c.h; path = Factory.h; sourceTree = "<group>"; };
		252905881D66DAAF00ECC9EC /* Factory.m */ = {isa = PBXFileReference; fileEncoding = 4; lastKnownFileType = sourcecode.c.objc; path = Factory.m; sourceTree = "<group>"; };
		252B63241D1CDC7700C108C0 /* NSString+MD5.h */ = {isa = PBXFileReference; fileEncoding = 4; lastKnownFileType = sourcecode.c.h; path = "NSString+MD5.h"; sourceTree = "<group>"; };
		252B63251D1CDC7700C108C0 /* NSString+MD5.m */ = {isa = PBXFileReference; fileEncoding = 4; lastKnownFileType = sourcecode.c.objc; path = "NSString+MD5.m"; sourceTree = "<group>"; };
		252EF9B61D2E3C4C00565D00 /* SecurityNav.h */ = {isa = PBXFileReference; fileEncoding = 4; lastKnownFileType = sourcecode.c.h; path = SecurityNav.h; sourceTree = "<group>"; };
		252EF9B71D2E3C4C00565D00 /* SecurityNav.m */ = {isa = PBXFileReference; fileEncoding = 4; lastKnownFileType = sourcecode.c.objc; path = SecurityNav.m; sourceTree = "<group>"; };
		252EF9B91D2E46A500565D00 /* SecurityHomePage.h */ = {isa = PBXFileReference; fileEncoding = 4; lastKnownFileType = sourcecode.c.h; path = SecurityHomePage.h; sourceTree = "<group>"; };
		252EF9BA1D2E46A500565D00 /* SecurityHomePage.m */ = {isa = PBXFileReference; fileEncoding = 4; lastKnownFileType = sourcecode.c.objc; path = SecurityHomePage.m; sourceTree = "<group>"; };
		252EF9BE1D2E482400565D00 /* CommonUserView.h */ = {isa = PBXFileReference; fileEncoding = 4; lastKnownFileType = sourcecode.c.h; path = CommonUserView.h; sourceTree = "<group>"; };
		252EF9BF1D2E482400565D00 /* CommonUserView.m */ = {isa = PBXFileReference; fileEncoding = 4; lastKnownFileType = sourcecode.c.objc; path = CommonUserView.m; sourceTree = "<group>"; };
		252EF9C11D2E4F2300565D00 /* CommonMenuView.h */ = {isa = PBXFileReference; fileEncoding = 4; lastKnownFileType = sourcecode.c.h; path = CommonMenuView.h; sourceTree = "<group>"; };
		252EF9C21D2E4F2300565D00 /* CommonMenuView.m */ = {isa = PBXFileReference; fileEncoding = 4; lastKnownFileType = sourcecode.c.objc; path = CommonMenuView.m; sourceTree = "<group>"; };
		252EF9C41D2E6EED00565D00 /* QualityControlNav.h */ = {isa = PBXFileReference; fileEncoding = 4; lastKnownFileType = sourcecode.c.h; path = QualityControlNav.h; sourceTree = "<group>"; };
		252EF9C51D2E6EED00565D00 /* QualityControlNav.m */ = {isa = PBXFileReference; fileEncoding = 4; lastKnownFileType = sourcecode.c.objc; path = QualityControlNav.m; sourceTree = "<group>"; };
		252EF9C71D2E6F1000565D00 /* QualityControlHomePage.h */ = {isa = PBXFileReference; fileEncoding = 4; lastKnownFileType = sourcecode.c.h; path = QualityControlHomePage.h; sourceTree = "<group>"; };
		252EF9C81D2E6F1000565D00 /* QualityControlHomePage.m */ = {isa = PBXFileReference; fileEncoding = 4; lastKnownFileType = sourcecode.c.objc; path = QualityControlHomePage.m; sourceTree = "<group>"; };
		252EF9D11D2F4D2800565D00 /* WorkRecordViewController.h */ = {isa = PBXFileReference; fileEncoding = 4; lastKnownFileType = sourcecode.c.h; path = WorkRecordViewController.h; sourceTree = "<group>"; };
		252EF9D21D2F4D2800565D00 /* WorkRecordViewController.m */ = {isa = PBXFileReference; fileEncoding = 4; lastKnownFileType = sourcecode.c.objc; path = WorkRecordViewController.m; sourceTree = "<group>"; };
		252EF9D41D2F5C4100565D00 /* WorkRecordCell.h */ = {isa = PBXFileReference; fileEncoding = 4; lastKnownFileType = sourcecode.c.h; path = WorkRecordCell.h; sourceTree = "<group>"; };
		252EF9D51D2F5C4100565D00 /* WorkRecordCell.m */ = {isa = PBXFileReference; fileEncoding = 4; lastKnownFileType = sourcecode.c.objc; path = WorkRecordCell.m; sourceTree = "<group>"; };
		252EF9D71D2F5D2400565D00 /* WorkStatusView.h */ = {isa = PBXFileReference; fileEncoding = 4; lastKnownFileType = sourcecode.c.h; path = WorkStatusView.h; sourceTree = "<group>"; };
		252EF9D81D2F5D2400565D00 /* WorkStatusView.m */ = {isa = PBXFileReference; fileEncoding = 4; lastKnownFileType = sourcecode.c.objc; path = WorkStatusView.m; sourceTree = "<group>"; };
		252EF9DA1D2FA51C00565D00 /* WorkDetailViewController.h */ = {isa = PBXFileReference; fileEncoding = 4; lastKnownFileType = sourcecode.c.h; path = WorkDetailViewController.h; sourceTree = "<group>"; };
		252EF9DB1D2FA51C00565D00 /* WorkDetailViewController.m */ = {isa = PBXFileReference; fileEncoding = 4; lastKnownFileType = sourcecode.c.objc; path = WorkDetailViewController.m; sourceTree = "<group>"; };
		252EF9DD1D30AC1B00565D00 /* orderGeneralReport.h */ = {isa = PBXFileReference; fileEncoding = 4; lastKnownFileType = sourcecode.c.h; path = orderGeneralReport.h; sourceTree = "<group>"; };
		252EF9DE1D30AC1B00565D00 /* orderGeneralReport.m */ = {isa = PBXFileReference; fileEncoding = 4; lastKnownFileType = sourcecode.c.objc; path = orderGeneralReport.m; sourceTree = "<group>"; };
		252EF9E01D30AF9F00565D00 /* WorkFlowCell.h */ = {isa = PBXFileReference; fileEncoding = 4; lastKnownFileType = sourcecode.c.h; path = WorkFlowCell.h; sourceTree = "<group>"; };
		252EF9E11D30AF9F00565D00 /* WorkFlowCell.m */ = {isa = PBXFileReference; fileEncoding = 4; lastKnownFileType = sourcecode.c.objc; path = WorkFlowCell.m; sourceTree = "<group>"; };
		252EF9E31D33407900565D00 /* MCDatePickerView.h */ = {isa = PBXFileReference; fileEncoding = 4; lastKnownFileType = sourcecode.c.h; path = MCDatePickerView.h; sourceTree = "<group>"; };
		252EF9E41D33407900565D00 /* MCDatePickerView.m */ = {isa = PBXFileReference; fileEncoding = 4; lastKnownFileType = sourcecode.c.objc; path = MCDatePickerView.m; sourceTree = "<group>"; };
		252EF9E61D3349FE00565D00 /* Vendor.h */ = {isa = PBXFileReference; fileEncoding = 4; lastKnownFileType = sourcecode.c.h; path = Vendor.h; sourceTree = "<group>"; };
		252EF9E71D3349FE00565D00 /* Vendor.m */ = {isa = PBXFileReference; fileEncoding = 4; lastKnownFileType = sourcecode.c.objc; path = Vendor.m; sourceTree = "<group>"; };
		252EF9E91D3369E900565D00 /* City.h */ = {isa = PBXFileReference; fileEncoding = 4; lastKnownFileType = sourcecode.c.h; path = City.h; sourceTree = "<group>"; };
		252EF9EA1D3369E900565D00 /* City.m */ = {isa = PBXFileReference; fileEncoding = 4; lastKnownFileType = sourcecode.c.objc; path = City.m; sourceTree = "<group>"; };
		252EF9EC1D336F4400565D00 /* Field.h */ = {isa = PBXFileReference; fileEncoding = 4; lastKnownFileType = sourcecode.c.h; path = Field.h; sourceTree = "<group>"; };
		252EF9ED1D336F4400565D00 /* Field.m */ = {isa = PBXFileReference; fileEncoding = 4; lastKnownFileType = sourcecode.c.objc; path = Field.m; sourceTree = "<group>"; };
		252EF9EF1D337BA000565D00 /* TransportDetail.h */ = {isa = PBXFileReference; fileEncoding = 4; lastKnownFileType = sourcecode.c.h; path = TransportDetail.h; sourceTree = "<group>"; };
		252EF9F01D337BA000565D00 /* TransportDetail.m */ = {isa = PBXFileReference; fileEncoding = 4; lastKnownFileType = sourcecode.c.objc; path = TransportDetail.m; sourceTree = "<group>"; };
		252FADAE1D530DA30072E26D /* FarmerPlanViewController.h */ = {isa = PBXFileReference; fileEncoding = 4; lastKnownFileType = sourcecode.c.h; path = FarmerPlanViewController.h; sourceTree = "<group>"; };
		252FADAF1D530DA30072E26D /* FarmerPlanViewController.m */ = {isa = PBXFileReference; fileEncoding = 4; lastKnownFileType = sourcecode.c.objc; path = FarmerPlanViewController.m; sourceTree = "<group>"; };
		252FADB11D5311F10072E26D /* FarmerPlanView.h */ = {isa = PBXFileReference; fileEncoding = 4; lastKnownFileType = sourcecode.c.h; path = FarmerPlanView.h; sourceTree = "<group>"; };
		252FADB21D5311F10072E26D /* FarmerPlanView.m */ = {isa = PBXFileReference; fileEncoding = 4; lastKnownFileType = sourcecode.c.objc; path = FarmerPlanView.m; sourceTree = "<group>"; };
		2534B9931D23993400A82E0A /* LoadingStats.h */ = {isa = PBXFileReference; fileEncoding = 4; lastKnownFileType = sourcecode.c.h; path = LoadingStats.h; sourceTree = "<group>"; };
		2534B9941D23993400A82E0A /* LoadingStats.m */ = {isa = PBXFileReference; fileEncoding = 4; lastKnownFileType = sourcecode.c.objc; path = LoadingStats.m; sourceTree = "<group>"; };
		2534B9961D24ACF400A82E0A /* ReportViewController.h */ = {isa = PBXFileReference; fileEncoding = 4; lastKnownFileType = sourcecode.c.h; path = ReportViewController.h; sourceTree = "<group>"; };
		2534B9971D24ACF400A82E0A /* ReportViewController.m */ = {isa = PBXFileReference; fileEncoding = 4; lastKnownFileType = sourcecode.c.objc; path = ReportViewController.m; sourceTree = "<group>"; };
		253BF57B1D0D49F40006086D /* mckfc.app */ = {isa = PBXFileReference; explicitFileType = wrapper.application; includeInIndex = 0; path = mckfc.app; sourceTree = BUILT_PRODUCTS_DIR; };
		253BF57F1D0D49F40006086D /* main.m */ = {isa = PBXFileReference; lastKnownFileType = sourcecode.c.objc; path = main.m; sourceTree = "<group>"; };
		253BF5811D0D49F40006086D /* AppDelegate.h */ = {isa = PBXFileReference; lastKnownFileType = sourcecode.c.h; path = AppDelegate.h; sourceTree = "<group>"; };
		253BF5821D0D49F40006086D /* AppDelegate.m */ = {isa = PBXFileReference; lastKnownFileType = sourcecode.c.objc; path = AppDelegate.m; sourceTree = "<group>"; };
		253BF58A1D0D49F40006086D /* Assets.xcassets */ = {isa = PBXFileReference; lastKnownFileType = folder.assetcatalog; path = Assets.xcassets; sourceTree = "<group>"; };
		253BF58D1D0D49F40006086D /* Base */ = {isa = PBXFileReference; lastKnownFileType = file.storyboard; name = Base; path = Base.lproj/LaunchScreen.storyboard; sourceTree = "<group>"; };
		253BF58F1D0D49F40006086D /* Info.plist */ = {isa = PBXFileReference; lastKnownFileType = text.plist.xml; path = Info.plist; sourceTree = "<group>"; };
		253BF5941D0D49F40006086D /* mckfcTests.xctest */ = {isa = PBXFileReference; explicitFileType = wrapper.cfbundle; includeInIndex = 0; path = mckfcTests.xctest; sourceTree = BUILT_PRODUCTS_DIR; };
		253BF5981D0D49F40006086D /* mckfcTests.m */ = {isa = PBXFileReference; lastKnownFileType = sourcecode.c.objc; path = mckfcTests.m; sourceTree = "<group>"; };
		253BF59A1D0D49F40006086D /* Info.plist */ = {isa = PBXFileReference; lastKnownFileType = text.plist.xml; path = Info.plist; sourceTree = "<group>"; };
		253BF59F1D0D49F40006086D /* mckfcUITests.xctest */ = {isa = PBXFileReference; explicitFileType = wrapper.cfbundle; includeInIndex = 0; path = mckfcUITests.xctest; sourceTree = BUILT_PRODUCTS_DIR; };
		253BF5A31D0D49F40006086D /* mckfcUITests.m */ = {isa = PBXFileReference; lastKnownFileType = sourcecode.c.objc; path = mckfcUITests.m; sourceTree = "<group>"; };
		253BF5A51D0D49F40006086D /* Info.plist */ = {isa = PBXFileReference; lastKnownFileType = text.plist.xml; path = Info.plist; sourceTree = "<group>"; };
		25522BE71D376A450098E4B7 /* zh-Hans */ = {isa = PBXFileReference; lastKnownFileType = text.plist.strings; name = "zh-Hans"; path = "zh-Hans.lproj/LaunchScreen.strings"; sourceTree = "<group>"; };
		256E873B1D65C9F800C82521 /* InspectDetailView.h */ = {isa = PBXFileReference; fileEncoding = 4; lastKnownFileType = sourcecode.c.h; path = InspectDetailView.h; sourceTree = "<group>"; };
		256E873C1D65C9F800C82521 /* InspectDetailView.m */ = {isa = PBXFileReference; fileEncoding = 4; lastKnownFileType = sourcecode.c.objc; path = InspectDetailView.m; sourceTree = "<group>"; };
		256F39791D123E3900175E5A /* LoginNav.h */ = {isa = PBXFileReference; fileEncoding = 4; lastKnownFileType = sourcecode.c.h; path = LoginNav.h; sourceTree = "<group>"; };
		256F397A1D123E3900175E5A /* LoginNav.m */ = {isa = PBXFileReference; fileEncoding = 4; lastKnownFileType = sourcecode.c.objc; path = LoginNav.m; sourceTree = "<group>"; };
		256F397F1D12836900175E5A /* SignUpView.h */ = {isa = PBXFileReference; fileEncoding = 4; lastKnownFileType = sourcecode.c.h; path = SignUpView.h; sourceTree = "<group>"; };
		256F39801D12836900175E5A /* SignUpView.m */ = {isa = PBXFileReference; fileEncoding = 4; lastKnownFileType = sourcecode.c.objc; path = SignUpView.m; sourceTree = "<group>"; };
		256F39821D12847D00175E5A /* SignUpViewController.h */ = {isa = PBXFileReference; fileEncoding = 4; lastKnownFileType = sourcecode.c.h; path = SignUpViewController.h; sourceTree = "<group>"; };
		256F39831D12847D00175E5A /* SignUpViewController.m */ = {isa = PBXFileReference; fileEncoding = 4; lastKnownFileType = sourcecode.c.objc; path = SignUpViewController.m; sourceTree = "<group>"; };
		256F39851D12885B00175E5A /* VerifyViewController.h */ = {isa = PBXFileReference; fileEncoding = 4; lastKnownFileType = sourcecode.c.h; path = VerifyViewController.h; sourceTree = "<group>"; };
		256F39861D12885B00175E5A /* VerifyViewController.m */ = {isa = PBXFileReference; fileEncoding = 4; lastKnownFileType = sourcecode.c.objc; path = VerifyViewController.m; sourceTree = "<group>"; };
		256F39881D12887D00175E5A /* VerifyView.h */ = {isa = PBXFileReference; fileEncoding = 4; lastKnownFileType = sourcecode.c.h; path = VerifyView.h; sourceTree = "<group>"; };
		256F39891D12887D00175E5A /* VerifyView.m */ = {isa = PBXFileReference; fileEncoding = 4; lastKnownFileType = sourcecode.c.objc; path = VerifyView.m; sourceTree = "<group>"; };
		256F39941D12B2A000175E5A /* DriverDetailEditorController.h */ = {isa = PBXFileReference; fileEncoding = 4; lastKnownFileType = sourcecode.c.h; path = DriverDetailEditorController.h; sourceTree = "<group>"; };
		256F39951D12B2A000175E5A /* DriverDetailEditorController.m */ = {isa = PBXFileReference; fileEncoding = 4; lastKnownFileType = sourcecode.c.objc; path = DriverDetailEditorController.m; sourceTree = "<group>"; };
		256F39971D12B34D00175E5A /* DriverDetailEditorCell.h */ = {isa = PBXFileReference; fileEncoding = 4; lastKnownFileType = sourcecode.c.h; path = DriverDetailEditorCell.h; sourceTree = "<group>"; };
		256F39981D12B34D00175E5A /* DriverDetailEditorCell.m */ = {isa = PBXFileReference; fileEncoding = 4; lastKnownFileType = sourcecode.c.objc; path = DriverDetailEditorCell.m; sourceTree = "<group>"; };
		256F399A1D13A32000175E5A /* StatsView.h */ = {isa = PBXFileReference; fileEncoding = 4; lastKnownFileType = sourcecode.c.h; path = StatsView.h; sourceTree = "<group>"; };
		256F399B1D13A32000175E5A /* StatsView.m */ = {isa = PBXFileReference; fileEncoding = 4; lastKnownFileType = sourcecode.c.objc; path = StatsView.m; sourceTree = "<group>"; };
		256F39A01D13D83200175E5A /* EditorNav.h */ = {isa = PBXFileReference; fileEncoding = 4; lastKnownFileType = sourcecode.c.h; path = EditorNav.h; sourceTree = "<group>"; };
		256F39A11D13D83200175E5A /* EditorNav.m */ = {isa = PBXFileReference; fileEncoding = 4; lastKnownFileType = sourcecode.c.objc; path = EditorNav.m; sourceTree = "<group>"; };
		256F39A31D13E8A900175E5A /* AlertHUDView.h */ = {isa = PBXFileReference; fileEncoding = 4; lastKnownFileType = sourcecode.c.h; path = AlertHUDView.h; sourceTree = "<group>"; };
		256F39A41D13E8A900175E5A /* AlertHUDView.m */ = {isa = PBXFileReference; fileEncoding = 4; lastKnownFileType = sourcecode.c.objc; path = AlertHUDView.m; sourceTree = "<group>"; };
		256F39A61D17891A00175E5A /* MCStarView.h */ = {isa = PBXFileReference; fileEncoding = 4; lastKnownFileType = sourcecode.c.h; path = MCStarView.h; sourceTree = "<group>"; };
		256F39A71D17891A00175E5A /* MCStarView.m */ = {isa = PBXFileReference; fileEncoding = 4; lastKnownFileType = sourcecode.c.objc; path = MCStarView.m; sourceTree = "<group>"; };
		2574C03C1D640E5F00940C95 /* QRDetailController.h */ = {isa = PBXFileReference; fileEncoding = 4; lastKnownFileType = sourcecode.c.h; path = QRDetailController.h; sourceTree = "<group>"; };
		2574C03D1D640E5F00940C95 /* QRDetailController.m */ = {isa = PBXFileReference; fileEncoding = 4; lastKnownFileType = sourcecode.c.objc; path = QRDetailController.m; sourceTree = "<group>"; };
		2574C03F1D646AF100940C95 /* Package.h */ = {isa = PBXFileReference; fileEncoding = 4; lastKnownFileType = sourcecode.c.h; path = Package.h; sourceTree = "<group>"; };
		2574C0401D646AF100940C95 /* Package.m */ = {isa = PBXFileReference; fileEncoding = 4; lastKnownFileType = sourcecode.c.objc; path = Package.m; sourceTree = "<group>"; };
		257DB7951D38B4C400C2227E /* workRecord.h */ = {isa = PBXFileReference; fileEncoding = 4; lastKnownFileType = sourcecode.c.h; path = workRecord.h; sourceTree = "<group>"; };
		257DB7961D38B4C400C2227E /* workRecord.m */ = {isa = PBXFileReference; fileEncoding = 4; lastKnownFileType = sourcecode.c.objc; path = workRecord.m; sourceTree = "<group>"; };
		257DB7981D38C9BF00C2227E /* WorkDetail.h */ = {isa = PBXFileReference; fileEncoding = 4; lastKnownFileType = sourcecode.c.h; path = WorkDetail.h; sourceTree = "<group>"; };
		257DB7991D38C9BF00C2227E /* WorkDetail.m */ = {isa = PBXFileReference; fileEncoding = 4; lastKnownFileType = sourcecode.c.objc; path = WorkDetail.m; sourceTree = "<group>"; };
		257DB79B1D38D24000C2227E /* WorkFlow.h */ = {isa = PBXFileReference; fileEncoding = 4; lastKnownFileType = sourcecode.c.h; path = WorkFlow.h; sourceTree = "<group>"; };
		257DB79C1D38D24000C2227E /* WorkFlow.m */ = {isa = PBXFileReference; fileEncoding = 4; lastKnownFileType = sourcecode.c.objc; path = WorkFlow.m; sourceTree = "<group>"; };
		257DB7A41D38E91900C2227E /* TruckUnloadProcessViewController.h */ = {isa = PBXFileReference; fileEncoding = 4; lastKnownFileType = sourcecode.c.h; path = TruckUnloadProcessViewController.h; sourceTree = "<group>"; };
		257DB7A51D38E91900C2227E /* TruckUnloadProcessViewController.m */ = {isa = PBXFileReference; fileEncoding = 4; lastKnownFileType = sourcecode.c.objc; path = TruckUnloadProcessViewController.m; sourceTree = "<group>"; };
		257DB7A71D38EC0D00C2227E /* QualityCheckViewController.h */ = {isa = PBXFileReference; fileEncoding = 4; lastKnownFileType = sourcecode.c.h; path = QualityCheckViewController.h; sourceTree = "<group>"; };
		257DB7A81D38EC0D00C2227E /* QualityCheckViewController.m */ = {isa = PBXFileReference; fileEncoding = 4; lastKnownFileType = sourcecode.c.objc; path = QualityCheckViewController.m; sourceTree = "<group>"; };
		257DB7AA1D39E0D700C2227E /* WorkFlowInterface.h */ = {isa = PBXFileReference; fileEncoding = 4; lastKnownFileType = sourcecode.c.h; path = WorkFlowInterface.h; sourceTree = "<group>"; };
		257DB7AB1D39E0D700C2227E /* WorkFlowInterface.m */ = {isa = PBXFileReference; fileEncoding = 4; lastKnownFileType = sourcecode.c.objc; path = WorkFlowInterface.m; sourceTree = "<group>"; };
		257DB7AD1D3C696F00C2227E /* InspectionViewController.h */ = {isa = PBXFileReference; fileEncoding = 4; lastKnownFileType = sourcecode.c.h; path = InspectionViewController.h; sourceTree = "<group>"; };
		257DB7AE1D3C696F00C2227E /* InspectionViewController.m */ = {isa = PBXFileReference; fileEncoding = 4; lastKnownFileType = sourcecode.c.objc; path = InspectionViewController.m; sourceTree = "<group>"; };
		257DB7B01D3C71AF00C2227E /* InspectionReport.h */ = {isa = PBXFileReference; fileEncoding = 4; lastKnownFileType = sourcecode.c.h; path = InspectionReport.h; sourceTree = "<group>"; };
		257DB7B11D3C71AF00C2227E /* InspectionReport.m */ = {isa = PBXFileReference; fileEncoding = 4; lastKnownFileType = sourcecode.c.objc; path = InspectionReport.m; sourceTree = "<group>"; };
		257DB7B31D3C821E00C2227E /* DynamicHeightTextCell.h */ = {isa = PBXFileReference; fileEncoding = 4; lastKnownFileType = sourcecode.c.h; path = DynamicHeightTextCell.h; sourceTree = "<group>"; };
		257DB7B41D3C821E00C2227E /* DynamicHeightTextCell.m */ = {isa = PBXFileReference; fileEncoding = 4; lastKnownFileType = sourcecode.c.objc; path = DynamicHeightTextCell.m; sourceTree = "<group>"; };
		257DB7B61D3CC7FF00C2227E /* rejectionSelectableCell.h */ = {isa = PBXFileReference; fileEncoding = 4; lastKnownFileType = sourcecode.c.h; path = rejectionSelectableCell.h; sourceTree = "<group>"; };
		257DB7B71D3CC7FF00C2227E /* rejectionSelectableCell.m */ = {isa = PBXFileReference; fileEncoding = 4; lastKnownFileType = sourcecode.c.objc; path = rejectionSelectableCell.m; sourceTree = "<group>"; };
		258F01541D3F4C4C002A58B0 /* queueViewModel.h */ = {isa = PBXFileReference; fileEncoding = 4; lastKnownFileType = sourcecode.c.h; path = queueViewModel.h; sourceTree = "<group>"; };
		258F01551D3F4C4C002A58B0 /* queueViewModel.m */ = {isa = PBXFileReference; fileEncoding = 4; lastKnownFileType = sourcecode.c.objc; path = queueViewModel.m; sourceTree = "<group>"; };
		25B004911D1920E00018EEB1 /* QueueViewController.h */ = {isa = PBXFileReference; fileEncoding = 4; lastKnownFileType = sourcecode.c.h; path = QueueViewController.h; sourceTree = "<group>"; };
		25B004921D1920E00018EEB1 /* QueueViewController.m */ = {isa = PBXFileReference; fileEncoding = 4; lastKnownFileType = sourcecode.c.objc; path = QueueViewController.m; sourceTree = "<group>"; };
		25B004971D1922970018EEB1 /* QRCodeView.h */ = {isa = PBXFileReference; fileEncoding = 4; lastKnownFileType = sourcecode.c.h; path = QRCodeView.h; sourceTree = "<group>"; };
		25B004981D1922970018EEB1 /* QRCodeView.m */ = {isa = PBXFileReference; fileEncoding = 4; lastKnownFileType = sourcecode.c.objc; path = QRCodeView.m; sourceTree = "<group>"; };
		25CB81961D53449600EDD05C /* FarmerQRCodeVC.h */ = {isa = PBXFileReference; fileEncoding = 4; lastKnownFileType = sourcecode.c.h; path = FarmerQRCodeVC.h; sourceTree = "<group>"; };
		25CB81971D53449600EDD05C /* FarmerQRCodeVC.m */ = {isa = PBXFileReference; fileEncoding = 4; lastKnownFileType = sourcecode.c.objc; path = FarmerQRCodeVC.m; sourceTree = "<group>"; };
		25CB81991D5344C400EDD05C /* FarmerQRCodeView.h */ = {isa = PBXFileReference; fileEncoding = 4; lastKnownFileType = sourcecode.c.h; path = FarmerQRCodeView.h; sourceTree = "<group>"; };
		25CB819A1D5344C400EDD05C /* FarmerQRCodeView.m */ = {isa = PBXFileReference; fileEncoding = 4; lastKnownFileType = sourcecode.c.objc; path = FarmerQRCodeView.m; sourceTree = "<group>"; };
		25CB819C1D5423CB00EDD05C /* FarmerNav.h */ = {isa = PBXFileReference; fileEncoding = 4; lastKnownFileType = sourcecode.c.h; path = FarmerNav.h; sourceTree = "<group>"; };
		25CB819D1D5423CB00EDD05C /* FarmerNav.m */ = {isa = PBXFileReference; fileEncoding = 4; lastKnownFileType = sourcecode.c.objc; path = FarmerNav.m; sourceTree = "<group>"; };
		25CB819F1D54513F00EDD05C /* AddRecordViewController.h */ = {isa = PBXFileReference; fileEncoding = 4; lastKnownFileType = sourcecode.c.h; path = AddRecordViewController.h; sourceTree = "<group>"; };
		25CB81A01D54513F00EDD05C /* AddRecordViewController.m */ = {isa = PBXFileReference; fileEncoding = 4; lastKnownFileType = sourcecode.c.objc; path = AddRecordViewController.m; sourceTree = "<group>"; };
		25CB81A21D546CD800EDD05C /* AddRecordTable.h */ = {isa = PBXFileReference; fileEncoding = 4; lastKnownFileType = sourcecode.c.h; path = AddRecordTable.h; sourceTree = "<group>"; };
		25CB81A31D546CD800EDD05C /* AddRecordTable.m */ = {isa = PBXFileReference; fileEncoding = 4; lastKnownFileType = sourcecode.c.objc; path = AddRecordTable.m; sourceTree = "<group>"; };
		25CE35B71D5AF03D005ADBA7 /* nofityViewController.h */ = {isa = PBXFileReference; fileEncoding = 4; lastKnownFileType = sourcecode.c.h; path = nofityViewController.h; sourceTree = "<group>"; };
		25CE35B81D5AF03D005ADBA7 /* nofityViewController.m */ = {isa = PBXFileReference; fileEncoding = 4; lastKnownFileType = sourcecode.c.objc; path = nofityViewController.m; sourceTree = "<group>"; };
		25CECAFB1D17A53500C9CCBE /* LoadingNav.h */ = {isa = PBXFileReference; fileEncoding = 4; lastKnownFileType = sourcecode.c.h; path = LoadingNav.h; sourceTree = "<group>"; };
		25CECAFC1D17A53500C9CCBE /* LoadingNav.m */ = {isa = PBXFileReference; fileEncoding = 4; lastKnownFileType = sourcecode.c.objc; path = LoadingNav.m; sourceTree = "<group>"; };
		25CECAFE1D17A9D700C9CCBE /* LoadingStatsViewController.h */ = {isa = PBXFileReference; fileEncoding = 4; lastKnownFileType = sourcecode.c.h; path = LoadingStatsViewController.h; sourceTree = "<group>"; };
		25CECAFF1D17A9D700C9CCBE /* LoadingStatsViewController.m */ = {isa = PBXFileReference; fileEncoding = 4; lastKnownFileType = sourcecode.c.objc; path = LoadingStatsViewController.m; sourceTree = "<group>"; };
		25CECB011D17ACF900C9CCBE /* LoadingCell.h */ = {isa = PBXFileReference; fileEncoding = 4; lastKnownFileType = sourcecode.c.h; path = LoadingCell.h; sourceTree = "<group>"; };
		25CECB021D17ACF900C9CCBE /* LoadingCell.m */ = {isa = PBXFileReference; fileEncoding = 4; lastKnownFileType = sourcecode.c.objc; path = LoadingCell.m; sourceTree = "<group>"; };
		25CECB041D17BFC600C9CCBE /* MapViewController.h */ = {isa = PBXFileReference; fileEncoding = 4; lastKnownFileType = sourcecode.c.h; path = MapViewController.h; sourceTree = "<group>"; };
		25CECB051D17BFC600C9CCBE /* MapViewController.m */ = {isa = PBXFileReference; fileEncoding = 4; lastKnownFileType = sourcecode.c.objc; path = MapViewController.m; sourceTree = "<group>"; };
		25CECB071D18DE7C00C9CCBE /* TranspotationPlanViewController.h */ = {isa = PBXFileReference; fileEncoding = 4; lastKnownFileType = sourcecode.c.h; path = TranspotationPlanViewController.h; sourceTree = "<group>"; };
		25CECB081D18DE7C00C9CCBE /* TranspotationPlanViewController.m */ = {isa = PBXFileReference; fileEncoding = 4; lastKnownFileType = sourcecode.c.objc; path = TranspotationPlanViewController.m; sourceTree = "<group>"; };
		25CECB0D1D18E28B00C9CCBE /* TransportationViewCell.h */ = {isa = PBXFileReference; fileEncoding = 4; lastKnownFileType = sourcecode.c.h; path = TransportationViewCell.h; sourceTree = "<group>"; };
		25CECB0E1D18E28B00C9CCBE /* TransportationViewCell.m */ = {isa = PBXFileReference; fileEncoding = 4; lastKnownFileType = sourcecode.c.objc; path = TransportationViewCell.m; sourceTree = "<group>"; };
		25EDD7891D0E847800AFB6F3 /* User.h */ = {isa = PBXFileReference; fileEncoding = 4; lastKnownFileType = sourcecode.c.h; path = User.h; sourceTree = "<group>"; };
		25EDD78A1D0E847800AFB6F3 /* User.m */ = {isa = PBXFileReference; fileEncoding = 4; lastKnownFileType = sourcecode.c.objc; path = User.m; sourceTree = "<group>"; };
		25F0DF121D1D2C5E007CEF17 /* MCPickerView.h */ = {isa = PBXFileReference; fileEncoding = 4; lastKnownFileType = sourcecode.c.h; path = MCPickerView.h; sourceTree = "<group>"; };
		25F0DF131D1D2C5E007CEF17 /* MCPickerView.m */ = {isa = PBXFileReference; fileEncoding = 4; lastKnownFileType = sourcecode.c.objc; path = MCPickerView.m; sourceTree = "<group>"; };
		2C0EE5CD14F1FFCF59A0F5C5 /* Pods-mckfc.release.xcconfig */ = {isa = PBXFileReference; includeInIndex = 1; lastKnownFileType = text.xcconfig; name = "Pods-mckfc.release.xcconfig"; path = "Pods/Target Support Files/Pods-mckfc/Pods-mckfc.release.xcconfig"; sourceTree = "<group>"; };
		33E4AD97041C7CA6DB6332A6 /* Pods-mckfcUITests.release.xcconfig */ = {isa = PBXFileReference; includeInIndex = 1; lastKnownFileType = text.xcconfig; name = "Pods-mckfcUITests.release.xcconfig"; path = "Pods/Target Support Files/Pods-mckfcUITests/Pods-mckfcUITests.release.xcconfig"; sourceTree = "<group>"; };
		4D4A0E75E7FA1CE3164F5BCC /* Pods-mckfcTests.release.xcconfig */ = {isa = PBXFileReference; includeInIndex = 1; lastKnownFileType = text.xcconfig; name = "Pods-mckfcTests.release.xcconfig"; path = "Pods/Target Support Files/Pods-mckfcTests/Pods-mckfcTests.release.xcconfig"; sourceTree = "<group>"; };
		6CFBD1531EC9195115270AAE /* libPods-mckfc.a */ = {isa = PBXFileReference; explicitFileType = archive.ar; includeInIndex = 0; path = "libPods-mckfc.a"; sourceTree = BUILT_PRODUCTS_DIR; };
		AE4E36EEFF727AF16A3D7DA0 /* libPods-mckfcTests.a */ = {isa = PBXFileReference; explicitFileType = archive.ar; includeInIndex = 0; path = "libPods-mckfcTests.a"; sourceTree = BUILT_PRODUCTS_DIR; };
		AEAD28CECD14E9496644CF81 /* Pods-mckfcTests.debug.xcconfig */ = {isa = PBXFileReference; includeInIndex = 1; lastKnownFileType = text.xcconfig; name = "Pods-mckfcTests.debug.xcconfig"; path = "Pods/Target Support Files/Pods-mckfcTests/Pods-mckfcTests.debug.xcconfig"; sourceTree = "<group>"; };
		B1E67B6825D7F6BF89CFD1E3 /* libPods-mckfcUITests.a */ = {isa = PBXFileReference; explicitFileType = archive.ar; includeInIndex = 0; path = "libPods-mckfcUITests.a"; sourceTree = BUILT_PRODUCTS_DIR; };
		BC2D64BC3C296980EB6B04FB /* Pods-mckfc.debug.xcconfig */ = {isa = PBXFileReference; includeInIndex = 1; lastKnownFileType = text.xcconfig; name = "Pods-mckfc.debug.xcconfig"; path = "Pods/Target Support Files/Pods-mckfc/Pods-mckfc.debug.xcconfig"; sourceTree = "<group>"; };
/* End PBXFileReference section */

/* Begin PBXFrameworksBuildPhase section */
		253BF5781D0D49F40006086D /* Frameworks */ = {
			isa = PBXFrameworksBuildPhase;
			buildActionMask = 2147483647;
			files = (
				FD2AA87E69AE5E569D0528E5 /* libPods-mckfc.a in Frameworks */,
			);
			runOnlyForDeploymentPostprocessing = 0;
		};
		253BF5911D0D49F40006086D /* Frameworks */ = {
			isa = PBXFrameworksBuildPhase;
			buildActionMask = 2147483647;
			files = (
				0536D0BF9A2B53E97CE9B35B /* libPods-mckfcTests.a in Frameworks */,
			);
			runOnlyForDeploymentPostprocessing = 0;
		};
		253BF59C1D0D49F40006086D /* Frameworks */ = {
			isa = PBXFrameworksBuildPhase;
			buildActionMask = 2147483647;
			files = (
				A5DB25468C30AB50BD52BDE9 /* libPods-mckfcUITests.a in Frameworks */,
			);
			runOnlyForDeploymentPostprocessing = 0;
		};
/* End PBXFrameworksBuildPhase section */

/* Begin PBXGroup section */
		251175471D10EB7500C3CE91 /* View */ = {
			isa = PBXGroup;
			children = (
				256F39A31D13E8A900175E5A /* AlertHUDView.h */,
				256F39A41D13E8A900175E5A /* AlertHUDView.m */,
				256F39A61D17891A00175E5A /* MCStarView.h */,
				256F39A71D17891A00175E5A /* MCStarView.m */,
				25F0DF121D1D2C5E007CEF17 /* MCPickerView.h */,
				25F0DF131D1D2C5E007CEF17 /* MCPickerView.m */,
				252EF9D41D2F5C4100565D00 /* WorkRecordCell.h */,
				252EF9D51D2F5C4100565D00 /* WorkRecordCell.m */,
				252EF9D71D2F5D2400565D00 /* WorkStatusView.h */,
				252EF9D81D2F5D2400565D00 /* WorkStatusView.m */,
				252EF9DD1D30AC1B00565D00 /* orderGeneralReport.h */,
				252EF9DE1D30AC1B00565D00 /* orderGeneralReport.m */,
				252EF9E01D30AF9F00565D00 /* WorkFlowCell.h */,
				252EF9E11D30AF9F00565D00 /* WorkFlowCell.m */,
				252EF9E31D33407900565D00 /* MCDatePickerView.h */,
				252EF9E41D33407900565D00 /* MCDatePickerView.m */,
				2527ECC91D350C8C00350DC6 /* rightNavigationItem.h */,
				2527ECCA1D350C8C00350DC6 /* rightNavigationItem.m */,
				2527ECCC1D35D8AC00350DC6 /* CarPlateRegionSelector.h */,
				2527ECCD1D35D8AC00350DC6 /* CarPlateRegionSelector.m */,
			);
			name = View;
			sourceTree = "<group>";
		};
		2511754A1D10FD6700C3CE91 /* Constant */ = {
			isa = PBXGroup;
			children = (
				251175481D10FA0100C3CE91 /* PrefixHeader.pch */,
				251175491D10FC8900C3CE91 /* Constant.h */,
			);
			name = Constant;
			sourceTree = "<group>";
		};
		2512A1C51D112F9900ED884B /* Login */ = {
			isa = PBXGroup;
			children = (
				2512A1CA1D11305400ED884B /* View */,
				2512A1C61D112FBA00ED884B /* Controller */,
			);
			name = Login;
			sourceTree = "<group>";
		};
		2512A1C61D112FBA00ED884B /* Controller */ = {
			isa = PBXGroup;
			children = (
				256F39851D12885B00175E5A /* VerifyViewController.h */,
				256F39861D12885B00175E5A /* VerifyViewController.m */,
				2512A1C71D112FDE00ED884B /* LoginViewController.h */,
				2512A1C81D112FDE00ED884B /* LoginViewController.m */,
				256F39791D123E3900175E5A /* LoginNav.h */,
				256F397A1D123E3900175E5A /* LoginNav.m */,
				256F39821D12847D00175E5A /* SignUpViewController.h */,
				256F39831D12847D00175E5A /* SignUpViewController.m */,
			);
			name = Controller;
			sourceTree = "<group>";
		};
		2512A1CA1D11305400ED884B /* View */ = {
			isa = PBXGroup;
			children = (
				256F397F1D12836900175E5A /* SignUpView.h */,
				256F39801D12836900175E5A /* SignUpView.m */,
				2512A1CB1D1130B100ED884B /* LoginView.h */,
				2512A1CC1D1130B100ED884B /* LoginView.m */,
				256F39881D12887D00175E5A /* VerifyView.h */,
				256F39891D12887D00175E5A /* VerifyView.m */,
			);
			name = View;
			sourceTree = "<group>";
		};
		251F378C1D26448400B423D1 /* Model */ = {
			isa = PBXGroup;
			children = (
				251F37891D26447D00B423D1 /* Report.h */,
				251F378A1D26447D00B423D1 /* Report.m */,
			);
			name = Model;
			sourceTree = "<group>";
		};
		2525CF281D3CDF1D00F3079F /* Model */ = {
			isa = PBXGroup;
			children = (
				257DB7B01D3C71AF00C2227E /* InspectionReport.h */,
				257DB7B11D3C71AF00C2227E /* InspectionReport.m */,
				2525CF251D3CDD5000F3079F /* Store.h */,
				2525CF261D3CDD5000F3079F /* Store.m */,
				2525CF291D3CDF3A00F3079F /* StoreReport.h */,
				2525CF2A1D3CDF3A00F3079F /* StoreReport.m */,
			);
			name = Model;
			sourceTree = "<group>";
		};
		252B63231D1CDC0A00C108C0 /* Category */ = {
			isa = PBXGroup;
			children = (
				252B63241D1CDC7700C108C0 /* NSString+MD5.h */,
				252B63251D1CDC7700C108C0 /* NSString+MD5.m */,
			);
			name = Category;
			path = mckfc;
			sourceTree = "<group>";
		};
		252EF9B51D2E3A3200565D00 /* Security */ = {
			isa = PBXGroup;
			children = (
				252EF9BD1D2E480D00565D00 /* View */,
				252EF9BC1D2E480200565D00 /* Controller */,
			);
			name = Security;
			sourceTree = "<group>";
		};
		252EF9BC1D2E480200565D00 /* Controller */ = {
			isa = PBXGroup;
			children = (
				252EF9B61D2E3C4C00565D00 /* SecurityNav.h */,
				252EF9B71D2E3C4C00565D00 /* SecurityNav.m */,
				252EF9B91D2E46A500565D00 /* SecurityHomePage.h */,
				252EF9BA1D2E46A500565D00 /* SecurityHomePage.m */,
			);
			name = Controller;
			sourceTree = "<group>";
		};
		252EF9BD1D2E480D00565D00 /* View */ = {
			isa = PBXGroup;
			children = (
				252EF9BE1D2E482400565D00 /* CommonUserView.h */,
				252EF9BF1D2E482400565D00 /* CommonUserView.m */,
				252EF9C11D2E4F2300565D00 /* CommonMenuView.h */,
				252EF9C21D2E4F2300565D00 /* CommonMenuView.m */,
				256E873B1D65C9F800C82521 /* InspectDetailView.h */,
				256E873C1D65C9F800C82521 /* InspectDetailView.m */,
			);
			name = View;
			sourceTree = "<group>";
		};
		252EF9CA1D2E70EE00565D00 /* QualityControl */ = {
			isa = PBXGroup;
			children = (
				252EF9CF1D2E738300565D00 /* View */,
				252EF9CB1D2E710400565D00 /* Controller */,
				2525CF281D3CDF1D00F3079F /* Model */,
			);
			name = QualityControl;
			sourceTree = "<group>";
		};
		252EF9CB1D2E710400565D00 /* Controller */ = {
			isa = PBXGroup;
			children = (
				252EF9C41D2E6EED00565D00 /* QualityControlNav.h */,
				252EF9C51D2E6EED00565D00 /* QualityControlNav.m */,
				252EF9C71D2E6F1000565D00 /* QualityControlHomePage.h */,
				252EF9C81D2E6F1000565D00 /* QualityControlHomePage.m */,
				257DB7A41D38E91900C2227E /* TruckUnloadProcessViewController.h */,
				257DB7A51D38E91900C2227E /* TruckUnloadProcessViewController.m */,
				257DB7A71D38EC0D00C2227E /* QualityCheckViewController.h */,
				257DB7A81D38EC0D00C2227E /* QualityCheckViewController.m */,
				257DB7AA1D39E0D700C2227E /* WorkFlowInterface.h */,
				257DB7AB1D39E0D700C2227E /* WorkFlowInterface.m */,
				257DB7AD1D3C696F00C2227E /* InspectionViewController.h */,
				257DB7AE1D3C696F00C2227E /* InspectionViewController.m */,
			);
			name = Controller;
			sourceTree = "<group>";
		};
		252EF9CF1D2E738300565D00 /* View */ = {
			isa = PBXGroup;
			children = (
				257DB7B31D3C821E00C2227E /* DynamicHeightTextCell.h */,
				257DB7B41D3C821E00C2227E /* DynamicHeightTextCell.m */,
				257DB7B61D3CC7FF00C2227E /* rejectionSelectableCell.h */,
				257DB7B71D3CC7FF00C2227E /* rejectionSelectableCell.m */,
			);
			name = View;
			sourceTree = "<group>";
		};
		252EF9D01D2F4CFF00565D00 /* Controller */ = {
			isa = PBXGroup;
			children = (
				252EF9D11D2F4D2800565D00 /* WorkRecordViewController.h */,
				252EF9D21D2F4D2800565D00 /* WorkRecordViewController.m */,
				252EF9DA1D2FA51C00565D00 /* WorkDetailViewController.h */,
				252EF9DB1D2FA51C00565D00 /* WorkDetailViewController.m */,
				2525CF2C1D3CE59100F3079F /* TODOViewController.h */,
				2525CF2D1D3CE59100F3079F /* TODOViewController.m */,
				2525CF2F1D3DCF3800F3079F /* SettingViewController.h */,
				2525CF301D3DCF3800F3079F /* SettingViewController.m */,
			);
			name = Controller;
			sourceTree = "<group>";
		};
		252FADAB1D530D580072E26D /* Farmer */ = {
			isa = PBXGroup;
			children = (
				252FADAD1D530D7A0072E26D /* View */,
				252FADAC1D530D6C0072E26D /* Controller */,
			);
			name = Farmer;
			sourceTree = "<group>";
		};
		252FADAC1D530D6C0072E26D /* Controller */ = {
			isa = PBXGroup;
			children = (
				252FADAE1D530DA30072E26D /* FarmerPlanViewController.h */,
				252FADAF1D530DA30072E26D /* FarmerPlanViewController.m */,
				25CB81961D53449600EDD05C /* FarmerQRCodeVC.h */,
				25CB81971D53449600EDD05C /* FarmerQRCodeVC.m */,
				25CB819C1D5423CB00EDD05C /* FarmerNav.h */,
				25CB819D1D5423CB00EDD05C /* FarmerNav.m */,
				25CB819F1D54513F00EDD05C /* AddRecordViewController.h */,
				25CB81A01D54513F00EDD05C /* AddRecordViewController.m */,
				2574C03C1D640E5F00940C95 /* QRDetailController.h */,
				2574C03D1D640E5F00940C95 /* QRDetailController.m */,
			);
			name = Controller;
			sourceTree = "<group>";
		};
		252FADAD1D530D7A0072E26D /* View */ = {
			isa = PBXGroup;
			children = (
				252FADB11D5311F10072E26D /* FarmerPlanView.h */,
				252FADB21D5311F10072E26D /* FarmerPlanView.m */,
				25CB81991D5344C400EDD05C /* FarmerQRCodeView.h */,
				25CB819A1D5344C400EDD05C /* FarmerQRCodeView.m */,
				25CB81A21D546CD800EDD05C /* AddRecordTable.h */,
				25CB81A31D546CD800EDD05C /* AddRecordTable.m */,
				2526B05C1D59994600271D16 /* FarmerRecordCell.h */,
				2526B05D1D59994600271D16 /* FarmerRecordCell.m */,
			);
			name = View;
			sourceTree = "<group>";
		};
		2534B9921D23990800A82E0A /* Model */ = {
			isa = PBXGroup;
			children = (
				2534B9931D23993400A82E0A /* LoadingStats.h */,
				2534B9941D23993400A82E0A /* LoadingStats.m */,
				252EF9E61D3349FE00565D00 /* Vendor.h */,
				252EF9E71D3349FE00565D00 /* Vendor.m */,
				252EF9E91D3369E900565D00 /* City.h */,
				252EF9EA1D3369E900565D00 /* City.m */,
				252EF9EC1D336F4400565D00 /* Field.h */,
				252EF9ED1D336F4400565D00 /* Field.m */,
				252905871D66DAAF00ECC9EC /* Factory.h */,
				252905881D66DAAF00ECC9EC /* Factory.m */,
				252EF9EF1D337BA000565D00 /* TransportDetail.h */,
				252EF9F01D337BA000565D00 /* TransportDetail.m */,
				258F01541D3F4C4C002A58B0 /* queueViewModel.h */,
				258F01551D3F4C4C002A58B0 /* queueViewModel.m */,
				2574C03F1D646AF100940C95 /* Package.h */,
				2574C0401D646AF100940C95 /* Package.m */,
			);
			name = Model;
			sourceTree = "<group>";
		};
		2534B9991D24C56400A82E0A /* View */ = {
			isa = PBXGroup;
			children = (
				25B004971D1922970018EEB1 /* QRCodeView.h */,
				25B004981D1922970018EEB1 /* QRCodeView.m */,
				251F378D1D26698C00B423D1 /* ReportCollectionView.h */,
				251F378E1D26698C00B423D1 /* ReportCollectionView.m */,
			);
			name = View;
			sourceTree = "<group>";
		};
		2534B99A1D24C56E00A82E0A /* Controller */ = {
			isa = PBXGroup;
			children = (
				25B004911D1920E00018EEB1 /* QueueViewController.h */,
				25B004921D1920E00018EEB1 /* QueueViewController.m */,
				2534B9961D24ACF400A82E0A /* ReportViewController.h */,
				2534B9971D24ACF400A82E0A /* ReportViewController.m */,
			);
			name = Controller;
			sourceTree = "<group>";
		};
		253BF5721D0D49F40006086D = {
			isa = PBXGroup;
			children = (
				253BF57D1D0D49F40006086D /* mckfc */,
				252B63231D1CDC0A00C108C0 /* Category */,
				253BF5971D0D49F40006086D /* mckfcTests */,
				253BF5A21D0D49F40006086D /* mckfcUITests */,
				253BF57C1D0D49F40006086D /* Products */,
				A63FCE96A22AEE0765795ED2 /* Pods */,
				6D34ADC7180CE478E4CDD7FE /* Frameworks */,
			);
			sourceTree = "<group>";
		};
		253BF57C1D0D49F40006086D /* Products */ = {
			isa = PBXGroup;
			children = (
				253BF57B1D0D49F40006086D /* mckfc.app */,
				253BF5941D0D49F40006086D /* mckfcTests.xctest */,
				253BF59F1D0D49F40006086D /* mckfcUITests.xctest */,
			);
			name = Products;
			sourceTree = "<group>";
		};
		253BF57D1D0D49F40006086D /* mckfc */ = {
			isa = PBXGroup;
			children = (
				253BF5811D0D49F40006086D /* AppDelegate.h */,
				253BF5821D0D49F40006086D /* AppDelegate.m */,
				253BF58A1D0D49F40006086D /* Assets.xcassets */,
				253BF58C1D0D49F40006086D /* LaunchScreen.storyboard */,
				253BF58F1D0D49F40006086D /* Info.plist */,
				2512A1C21D111B3E00ED884B /* ServerManager.h */,
				2512A1C31D111B3E00ED884B /* ServerManager.m */,
				2512A1C51D112F9900ED884B /* Login */,
				25CECAF81D17A43700C9CCBE /* Loading */,
				25B004901D191ECC0018EEB1 /* Queue */,
				256F399D1D13D7DF00175E5A /* DetailEditor */,
				252EF9CA1D2E70EE00565D00 /* QualityControl */,
				252EF9B51D2E3A3200565D00 /* Security */,
				252FADAB1D530D580072E26D /* Farmer */,
				25EDD78C1D0E848A00AFB6F3 /* Model */,
				251175471D10EB7500C3CE91 /* View */,
				252EF9D01D2F4CFF00565D00 /* Controller */,
				253BF57E1D0D49F40006086D /* Supporting Files */,
				2511754A1D10FD6700C3CE91 /* Constant */,
			);
			path = mckfc;
			sourceTree = "<group>";
		};
		253BF57E1D0D49F40006086D /* Supporting Files */ = {
			isa = PBXGroup;
			children = (
				253BF57F1D0D49F40006086D /* main.m */,
			);
			name = "Supporting Files";
			sourceTree = "<group>";
		};
		253BF5971D0D49F40006086D /* mckfcTests */ = {
			isa = PBXGroup;
			children = (
				253BF5981D0D49F40006086D /* mckfcTests.m */,
				253BF59A1D0D49F40006086D /* Info.plist */,
			);
			path = mckfcTests;
			sourceTree = "<group>";
		};
		253BF5A21D0D49F40006086D /* mckfcUITests */ = {
			isa = PBXGroup;
			children = (
				253BF5A31D0D49F40006086D /* mckfcUITests.m */,
				253BF5A51D0D49F40006086D /* Info.plist */,
			);
			path = mckfcUITests;
			sourceTree = "<group>";
		};
		256F399D1D13D7DF00175E5A /* DetailEditor */ = {
			isa = PBXGroup;
			children = (
				256F399F1D13D7FA00175E5A /* View */,
				256F399E1D13D7F400175E5A /* Controller */,
			);
			name = DetailEditor;
			sourceTree = "<group>";
		};
		256F399E1D13D7F400175E5A /* Controller */ = {
			isa = PBXGroup;
			children = (
				256F39941D12B2A000175E5A /* DriverDetailEditorController.h */,
				256F39951D12B2A000175E5A /* DriverDetailEditorController.m */,
				256F39A01D13D83200175E5A /* EditorNav.h */,
				256F39A11D13D83200175E5A /* EditorNav.m */,
			);
			name = Controller;
			sourceTree = "<group>";
		};
		256F399F1D13D7FA00175E5A /* View */ = {
			isa = PBXGroup;
			children = (
				256F39971D12B34D00175E5A /* DriverDetailEditorCell.h */,
				256F39981D12B34D00175E5A /* DriverDetailEditorCell.m */,
			);
			name = View;
			sourceTree = "<group>";
		};
		25B004901D191ECC0018EEB1 /* Queue */ = {
			isa = PBXGroup;
			children = (
				251F378C1D26448400B423D1 /* Model */,
				2534B9991D24C56400A82E0A /* View */,
				2534B99A1D24C56E00A82E0A /* Controller */,
			);
			name = Queue;
			sourceTree = "<group>";
		};
		25CECAF81D17A43700C9CCBE /* Loading */ = {
			isa = PBXGroup;
			children = (
				2534B9921D23990800A82E0A /* Model */,
				25CECAF91D17A44800C9CCBE /* View */,
				25CECAFA1D17A45900C9CCBE /* ViewController */,
			);
			name = Loading;
			sourceTree = "<group>";
		};
		25CECAF91D17A44800C9CCBE /* View */ = {
			isa = PBXGroup;
			children = (
				251175441D10EB6B00C3CE91 /* UserView.h */,
				251175451D10EB6B00C3CE91 /* UserView.m */,
				256F399A1D13A32000175E5A /* StatsView.h */,
				256F399B1D13A32000175E5A /* StatsView.m */,
				25CECB011D17ACF900C9CCBE /* LoadingCell.h */,
				25CECB021D17ACF900C9CCBE /* LoadingCell.m */,
				25CECB0D1D18E28B00C9CCBE /* TransportationViewCell.h */,
				25CECB0E1D18E28B00C9CCBE /* TransportationViewCell.m */,
			);
			name = View;
			sourceTree = "<group>";
		};
		25CECAFA1D17A45900C9CCBE /* ViewController */ = {
			isa = PBXGroup;
			children = (
				25CECAFB1D17A53500C9CCBE /* LoadingNav.h */,
				25CECAFC1D17A53500C9CCBE /* LoadingNav.m */,
				2512A1CE1D113C6200ED884B /* HomepageViewController.h */,
				2512A1CF1D113C6200ED884B /* HomepageViewController.m */,
				25CECAFE1D17A9D700C9CCBE /* LoadingStatsViewController.h */,
				25CECAFF1D17A9D700C9CCBE /* LoadingStatsViewController.m */,
				25CECB041D17BFC600C9CCBE /* MapViewController.h */,
				25CECB051D17BFC600C9CCBE /* MapViewController.m */,
				25CECB071D18DE7C00C9CCBE /* TranspotationPlanViewController.h */,
				25CECB081D18DE7C00C9CCBE /* TranspotationPlanViewController.m */,
				251E08861D48714400753FC2 /* MsgListViewController.h */,
				251E08871D48714400753FC2 /* MsgListViewController.m */,
				25CE35B71D5AF03D005ADBA7 /* nofityViewController.h */,
				25CE35B81D5AF03D005ADBA7 /* nofityViewController.m */,
			);
			name = ViewController;
			sourceTree = "<group>";
		};
		25EDD78C1D0E848A00AFB6F3 /* Model */ = {
			isa = PBXGroup;
			children = (
				25EDD7891D0E847800AFB6F3 /* User.h */,
				25EDD78A1D0E847800AFB6F3 /* User.m */,
				257DB7951D38B4C400C2227E /* workRecord.h */,
				257DB7961D38B4C400C2227E /* workRecord.m */,
				257DB7981D38C9BF00C2227E /* WorkDetail.h */,
				257DB7991D38C9BF00C2227E /* WorkDetail.m */,
				257DB79B1D38D24000C2227E /* WorkFlow.h */,
				257DB79C1D38D24000C2227E /* WorkFlow.m */,
			);
			name = Model;
			sourceTree = "<group>";
		};
		6D34ADC7180CE478E4CDD7FE /* Frameworks */ = {
			isa = PBXGroup;
			children = (
				6CFBD1531EC9195115270AAE /* libPods-mckfc.a */,
				AE4E36EEFF727AF16A3D7DA0 /* libPods-mckfcTests.a */,
				B1E67B6825D7F6BF89CFD1E3 /* libPods-mckfcUITests.a */,
			);
			name = Frameworks;
			sourceTree = "<group>";
		};
		A63FCE96A22AEE0765795ED2 /* Pods */ = {
			isa = PBXGroup;
			children = (
				BC2D64BC3C296980EB6B04FB /* Pods-mckfc.debug.xcconfig */,
				2C0EE5CD14F1FFCF59A0F5C5 /* Pods-mckfc.release.xcconfig */,
				AEAD28CECD14E9496644CF81 /* Pods-mckfcTests.debug.xcconfig */,
				4D4A0E75E7FA1CE3164F5BCC /* Pods-mckfcTests.release.xcconfig */,
				1FF49D163B3C6B0B1628572B /* Pods-mckfcUITests.debug.xcconfig */,
				33E4AD97041C7CA6DB6332A6 /* Pods-mckfcUITests.release.xcconfig */,
			);
			name = Pods;
			sourceTree = "<group>";
		};
/* End PBXGroup section */

/* Begin PBXNativeTarget section */
		253BF57A1D0D49F40006086D /* mckfc */ = {
			isa = PBXNativeTarget;
			buildConfigurationList = 253BF5A81D0D49F40006086D /* Build configuration list for PBXNativeTarget "mckfc" */;
			buildPhases = (
				8FBC40CC7678E1AF1EA23BA5 /* Check Pods Manifest.lock */,
				253BF5771D0D49F40006086D /* Sources */,
				253BF5781D0D49F40006086D /* Frameworks */,
				253BF5791D0D49F40006086D /* Resources */,
				9D2FEFB3585F653B20751F5B /* Embed Pods Frameworks */,
				148EFF63A0F5F0F8BE506A1D /* Copy Pods Resources */,
			);
			buildRules = (
			);
			dependencies = (
			);
			name = mckfc;
			productName = mckfc;
			productReference = 253BF57B1D0D49F40006086D /* mckfc.app */;
			productType = "com.apple.product-type.application";
		};
		253BF5931D0D49F40006086D /* mckfcTests */ = {
			isa = PBXNativeTarget;
			buildConfigurationList = 253BF5AB1D0D49F40006086D /* Build configuration list for PBXNativeTarget "mckfcTests" */;
			buildPhases = (
				F156D84EBF8814327E86B3CC /* Check Pods Manifest.lock */,
				253BF5901D0D49F40006086D /* Sources */,
				253BF5911D0D49F40006086D /* Frameworks */,
				253BF5921D0D49F40006086D /* Resources */,
				9BFAF3591F8DAE2A3610AFFA /* Embed Pods Frameworks */,
				FB28DCE907A2DFF55BDF5A36 /* Copy Pods Resources */,
			);
			buildRules = (
			);
			dependencies = (
				253BF5961D0D49F40006086D /* PBXTargetDependency */,
			);
			name = mckfcTests;
			productName = mckfcTests;
			productReference = 253BF5941D0D49F40006086D /* mckfcTests.xctest */;
			productType = "com.apple.product-type.bundle.unit-test";
		};
		253BF59E1D0D49F40006086D /* mckfcUITests */ = {
			isa = PBXNativeTarget;
			buildConfigurationList = 253BF5AE1D0D49F40006086D /* Build configuration list for PBXNativeTarget "mckfcUITests" */;
			buildPhases = (
				DB824BBE174FADAD50D8517F /* Check Pods Manifest.lock */,
				253BF59B1D0D49F40006086D /* Sources */,
				253BF59C1D0D49F40006086D /* Frameworks */,
				253BF59D1D0D49F40006086D /* Resources */,
				7A20F13372E789F0B180F445 /* Copy Pods Resources */,
			);
			buildRules = (
			);
			dependencies = (
				253BF5A11D0D49F40006086D /* PBXTargetDependency */,
			);
			name = mckfcUITests;
			productName = mckfcUITests;
			productReference = 253BF59F1D0D49F40006086D /* mckfcUITests.xctest */;
			productType = "com.apple.product-type.bundle.ui-testing";
		};
/* End PBXNativeTarget section */

/* Begin PBXProject section */
		253BF5731D0D49F40006086D /* Project object */ = {
			isa = PBXProject;
			attributes = {
				LastUpgradeCheck = 0730;
				ORGANIZATIONNAME = "Shanghai Impression Culture Communication Co.,Ltd";
				TargetAttributes = {
					253BF57A1D0D49F40006086D = {
						CreatedOnToolsVersion = 7.3.1;
						DevelopmentTeam = 8WV7FK6JAM;
						SystemCapabilities = {
							com.apple.BackgroundModes = {
								enabled = 1;
							};
							com.apple.Push = {
								enabled = 1;
							};
						};
					};
					253BF5931D0D49F40006086D = {
						CreatedOnToolsVersion = 7.3.1;
						TestTargetID = 253BF57A1D0D49F40006086D;
					};
					253BF59E1D0D49F40006086D = {
						CreatedOnToolsVersion = 7.3.1;
						DevelopmentTeam = 8WV7FK6JAM;
						TestTargetID = 253BF57A1D0D49F40006086D;
					};
				};
			};
			buildConfigurationList = 253BF5761D0D49F40006086D /* Build configuration list for PBXProject "mckfc" */;
			compatibilityVersion = "Xcode 3.2";
			developmentRegion = English;
			hasScannedForEncodings = 0;
			knownRegions = (
				en,
				Base,
			);
			mainGroup = 253BF5721D0D49F40006086D;
			productRefGroup = 253BF57C1D0D49F40006086D /* Products */;
			projectDirPath = "";
			projectRoot = "";
			targets = (
				253BF57A1D0D49F40006086D /* mckfc */,
				253BF5931D0D49F40006086D /* mckfcTests */,
				253BF59E1D0D49F40006086D /* mckfcUITests */,
			);
		};
/* End PBXProject section */

/* Begin PBXResourcesBuildPhase section */
		253BF5791D0D49F40006086D /* Resources */ = {
			isa = PBXResourcesBuildPhase;
			buildActionMask = 2147483647;
			files = (
				253BF58E1D0D49F40006086D /* LaunchScreen.storyboard in Resources */,
				253BF58B1D0D49F40006086D /* Assets.xcassets in Resources */,
			);
			runOnlyForDeploymentPostprocessing = 0;
		};
		253BF5921D0D49F40006086D /* Resources */ = {
			isa = PBXResourcesBuildPhase;
			buildActionMask = 2147483647;
			files = (
			);
			runOnlyForDeploymentPostprocessing = 0;
		};
		253BF59D1D0D49F40006086D /* Resources */ = {
			isa = PBXResourcesBuildPhase;
			buildActionMask = 2147483647;
			files = (
			);
			runOnlyForDeploymentPostprocessing = 0;
		};
/* End PBXResourcesBuildPhase section */

/* Begin PBXShellScriptBuildPhase section */
		148EFF63A0F5F0F8BE506A1D /* Copy Pods Resources */ = {
			isa = PBXShellScriptBuildPhase;
			buildActionMask = 2147483647;
			files = (
			);
			inputPaths = (
			);
			name = "Copy Pods Resources";
			outputPaths = (
			);
			runOnlyForDeploymentPostprocessing = 0;
			shellPath = /bin/sh;
			shellScript = "\"${SRCROOT}/Pods/Target Support Files/Pods-mckfc/Pods-mckfc-resources.sh\"\n";
			showEnvVarsInLog = 0;
		};
		7A20F13372E789F0B180F445 /* Copy Pods Resources */ = {
			isa = PBXShellScriptBuildPhase;
			buildActionMask = 2147483647;
			files = (
			);
			inputPaths = (
			);
			name = "Copy Pods Resources";
			outputPaths = (
			);
			runOnlyForDeploymentPostprocessing = 0;
			shellPath = /bin/sh;
			shellScript = "\"${SRCROOT}/Pods/Target Support Files/Pods-mckfcUITests/Pods-mckfcUITests-resources.sh\"\n";
			showEnvVarsInLog = 0;
		};
		8FBC40CC7678E1AF1EA23BA5 /* Check Pods Manifest.lock */ = {
			isa = PBXShellScriptBuildPhase;
			buildActionMask = 2147483647;
			files = (
			);
			inputPaths = (
			);
			name = "Check Pods Manifest.lock";
			outputPaths = (
			);
			runOnlyForDeploymentPostprocessing = 0;
			shellPath = /bin/sh;
			shellScript = "diff \"${PODS_ROOT}/../Podfile.lock\" \"${PODS_ROOT}/Manifest.lock\" > /dev/null\nif [[ $? != 0 ]] ; then\n    cat << EOM\nerror: The sandbox is not in sync with the Podfile.lock. Run 'pod install' or update your CocoaPods installation.\nEOM\n    exit 1\nfi\n";
			showEnvVarsInLog = 0;
		};
		9BFAF3591F8DAE2A3610AFFA /* Embed Pods Frameworks */ = {
			isa = PBXShellScriptBuildPhase;
			buildActionMask = 2147483647;
			files = (
			);
			inputPaths = (
			);
			name = "Embed Pods Frameworks";
			outputPaths = (
			);
			runOnlyForDeploymentPostprocessing = 0;
			shellPath = /bin/sh;
			shellScript = "\"${SRCROOT}/Pods/Target Support Files/Pods-mckfcTests/Pods-mckfcTests-frameworks.sh\"\n";
			showEnvVarsInLog = 0;
		};
		9D2FEFB3585F653B20751F5B /* Embed Pods Frameworks */ = {
			isa = PBXShellScriptBuildPhase;
			buildActionMask = 2147483647;
			files = (
			);
			inputPaths = (
			);
			name = "Embed Pods Frameworks";
			outputPaths = (
			);
			runOnlyForDeploymentPostprocessing = 0;
			shellPath = /bin/sh;
			shellScript = "\"${SRCROOT}/Pods/Target Support Files/Pods-mckfc/Pods-mckfc-frameworks.sh\"\n";
			showEnvVarsInLog = 0;
		};
		DB824BBE174FADAD50D8517F /* Check Pods Manifest.lock */ = {
			isa = PBXShellScriptBuildPhase;
			buildActionMask = 2147483647;
			files = (
			);
			inputPaths = (
			);
			name = "Check Pods Manifest.lock";
			outputPaths = (
			);
			runOnlyForDeploymentPostprocessing = 0;
			shellPath = /bin/sh;
			shellScript = "diff \"${PODS_ROOT}/../Podfile.lock\" \"${PODS_ROOT}/Manifest.lock\" > /dev/null\nif [[ $? != 0 ]] ; then\n    cat << EOM\nerror: The sandbox is not in sync with the Podfile.lock. Run 'pod install' or update your CocoaPods installation.\nEOM\n    exit 1\nfi\n";
			showEnvVarsInLog = 0;
		};
		F156D84EBF8814327E86B3CC /* Check Pods Manifest.lock */ = {
			isa = PBXShellScriptBuildPhase;
			buildActionMask = 2147483647;
			files = (
			);
			inputPaths = (
			);
			name = "Check Pods Manifest.lock";
			outputPaths = (
			);
			runOnlyForDeploymentPostprocessing = 0;
			shellPath = /bin/sh;
			shellScript = "diff \"${PODS_ROOT}/../Podfile.lock\" \"${PODS_ROOT}/Manifest.lock\" > /dev/null\nif [[ $? != 0 ]] ; then\n    cat << EOM\nerror: The sandbox is not in sync with the Podfile.lock. Run 'pod install' or update your CocoaPods installation.\nEOM\n    exit 1\nfi\n";
			showEnvVarsInLog = 0;
		};
		FB28DCE907A2DFF55BDF5A36 /* Copy Pods Resources */ = {
			isa = PBXShellScriptBuildPhase;
			buildActionMask = 2147483647;
			files = (
			);
			inputPaths = (
			);
			name = "Copy Pods Resources";
			outputPaths = (
			);
			runOnlyForDeploymentPostprocessing = 0;
			shellPath = /bin/sh;
			shellScript = "\"${SRCROOT}/Pods/Target Support Files/Pods-mckfcTests/Pods-mckfcTests-resources.sh\"\n";
			showEnvVarsInLog = 0;
		};
/* End PBXShellScriptBuildPhase section */

/* Begin PBXSourcesBuildPhase section */
		253BF5771D0D49F40006086D /* Sources */ = {
			isa = PBXSourcesBuildPhase;
			buildActionMask = 2147483647;
			files = (
				252EF9C01D2E482400565D00 /* CommonUserView.m in Sources */,
				2527ECCB1D350C8C00350DC6 /* rightNavigationItem.m in Sources */,
				256F397B1D123E3900175E5A /* LoginNav.m in Sources */,
				2525CF2E1D3CE59100F3079F /* TODOViewController.m in Sources */,
				256F398A1D12887D00175E5A /* VerifyView.m in Sources */,
				25F0DF141D1D2C5E007CEF17 /* MCPickerView.m in Sources */,
				25CB81981D53449600EDD05C /* FarmerQRCodeVC.m in Sources */,
				257DB79A1D38C9BF00C2227E /* WorkDetail.m in Sources */,
				252EF9E51D33407900565D00 /* MCDatePickerView.m in Sources */,
				251E08881D48714400753FC2 /* MsgListViewController.m in Sources */,
				252EF9BB1D2E46A500565D00 /* SecurityHomePage.m in Sources */,
				2574C03E1D640E5F00940C95 /* QRDetailController.m in Sources */,
				257DB7A91D38EC0D00C2227E /* QualityCheckViewController.m in Sources */,
				257DB7B81D3CC7FF00C2227E /* rejectionSelectableCell.m in Sources */,
				2512A1C41D111B3E00ED884B /* ServerManager.m in Sources */,
				25CECB061D17BFC600C9CCBE /* MapViewController.m in Sources */,
				25CECB031D17ACF900C9CCBE /* LoadingCell.m in Sources */,
				25CECB091D18DE7C00C9CCBE /* TranspotationPlanViewController.m in Sources */,
				256E873D1D65C9F800C82521 /* InspectDetailView.m in Sources */,
				257DB7AF1D3C696F00C2227E /* InspectionViewController.m in Sources */,
				25B004931D1920E00018EEB1 /* QueueViewController.m in Sources */,
				257DB7B51D3C821E00C2227E /* DynamicHeightTextCell.m in Sources */,
				256F39841D12847D00175E5A /* SignUpViewController.m in Sources */,
				2534B9951D23993400A82E0A /* LoadingStats.m in Sources */,
				256F39A81D17891A00175E5A /* MCStarView.m in Sources */,
				252EF9E81D3349FE00565D00 /* Vendor.m in Sources */,
				2534B9981D24ACF400A82E0A /* ReportViewController.m in Sources */,
				25EDD78B1D0E847800AFB6F3 /* User.m in Sources */,
				252EF9D91D2F5D2400565D00 /* WorkStatusView.m in Sources */,
				2525CF271D3CDD5000F3079F /* Store.m in Sources */,
				252EF9C61D2E6EED00565D00 /* QualityControlNav.m in Sources */,
				2526B05E1D59994600271D16 /* FarmerRecordCell.m in Sources */,
				252EF9EE1D336F4400565D00 /* Field.m in Sources */,
				256F39811D12836900175E5A /* SignUpView.m in Sources */,
				257DB7AC1D39E0D700C2227E /* WorkFlowInterface.m in Sources */,
				258F01561D3F4C4C002A58B0 /* queueViewModel.m in Sources */,
				257DB79D1D38D24000C2227E /* WorkFlow.m in Sources */,
				252905891D66DAAF00ECC9EC /* Factory.m in Sources */,
				257DB7A61D38E91900C2227E /* TruckUnloadProcessViewController.m in Sources */,
				252FADB01D530DA30072E26D /* FarmerPlanViewController.m in Sources */,
				2512A1CD1D1130B100ED884B /* LoginView.m in Sources */,
				2527ECCE1D35D8AC00350DC6 /* CarPlateRegionSelector.m in Sources */,
				252EF9F11D337BA000565D00 /* TransportDetail.m in Sources */,
				25CE35B91D5AF03D005ADBA7 /* nofityViewController.m in Sources */,
				252EF9D31D2F4D2800565D00 /* WorkRecordViewController.m in Sources */,
				252EF9E21D30AF9F00565D00 /* WorkFlowCell.m in Sources */,
				252EF9C91D2E6F1000565D00 /* QualityControlHomePage.m in Sources */,
				252EF9DF1D30AC1B00565D00 /* orderGeneralReport.m in Sources */,
				25CB819B1D5344C400EDD05C /* FarmerQRCodeView.m in Sources */,
				256F399C1D13A32000175E5A /* StatsView.m in Sources */,
				253BF5831D0D49F40006086D /* AppDelegate.m in Sources */,
				25CB819E1D5423CB00EDD05C /* FarmerNav.m in Sources */,
				256F39A51D13E8A900175E5A /* AlertHUDView.m in Sources */,
				252EF9EB1D3369E900565D00 /* City.m in Sources */,
				25CB81A11D54513F00EDD05C /* AddRecordViewController.m in Sources */,
				256F39961D12B2A000175E5A /* DriverDetailEditorController.m in Sources */,
				251F378F1D26698C00B423D1 /* ReportCollectionView.m in Sources */,
				25CB81A41D546CD800EDD05C /* AddRecordTable.m in Sources */,
				25B004991D1922970018EEB1 /* QRCodeView.m in Sources */,
				256F39A21D13D83200175E5A /* EditorNav.m in Sources */,
				252FADB31D5311F10072E26D /* FarmerPlanView.m in Sources */,
				25CECB001D17A9D700C9CCBE /* LoadingStatsViewController.m in Sources */,
				256F39991D12B34D00175E5A /* DriverDetailEditorCell.m in Sources */,
				25CECB0F1D18E28B00C9CCBE /* TransportationViewCell.m in Sources */,
				2525CF2B1D3CDF3A00F3079F /* StoreReport.m in Sources */,
				252B63261D1CDC7700C108C0 /* NSString+MD5.m in Sources */,
				2512A1C91D112FDE00ED884B /* LoginViewController.m in Sources */,
				2525CF311D3DCF3800F3079F /* SettingViewController.m in Sources */,
				25CECAFD1D17A53500C9CCBE /* LoadingNav.m in Sources */,
				257DB7B21D3C71AF00C2227E /* InspectionReport.m in Sources */,
				2512A1D01D113C6200ED884B /* HomepageViewController.m in Sources */,
				252EF9C31D2E4F2300565D00 /* CommonMenuView.m in Sources */,
				251175461D10EB6B00C3CE91 /* UserView.m in Sources */,
				257DB7971D38B4C400C2227E /* workRecord.m in Sources */,
				252EF9DC1D2FA51C00565D00 /* WorkDetailViewController.m in Sources */,
				252EF9B81D2E3C4C00565D00 /* SecurityNav.m in Sources */,
				252EF9D61D2F5C4100565D00 /* WorkRecordCell.m in Sources */,
				251F378B1D26447D00B423D1 /* Report.m in Sources */,
				253BF5801D0D49F40006086D /* main.m in Sources */,
				256F39871D12885B00175E5A /* VerifyViewController.m in Sources */,
				2574C0411D646AF100940C95 /* Package.m in Sources */,
			);
			runOnlyForDeploymentPostprocessing = 0;
		};
		253BF5901D0D49F40006086D /* Sources */ = {
			isa = PBXSourcesBuildPhase;
			buildActionMask = 2147483647;
			files = (
				253BF5991D0D49F40006086D /* mckfcTests.m in Sources */,
			);
			runOnlyForDeploymentPostprocessing = 0;
		};
		253BF59B1D0D49F40006086D /* Sources */ = {
			isa = PBXSourcesBuildPhase;
			buildActionMask = 2147483647;
			files = (
				253BF5A41D0D49F40006086D /* mckfcUITests.m in Sources */,
			);
			runOnlyForDeploymentPostprocessing = 0;
		};
/* End PBXSourcesBuildPhase section */

/* Begin PBXTargetDependency section */
		253BF5961D0D49F40006086D /* PBXTargetDependency */ = {
			isa = PBXTargetDependency;
			target = 253BF57A1D0D49F40006086D /* mckfc */;
			targetProxy = 253BF5951D0D49F40006086D /* PBXContainerItemProxy */;
		};
		253BF5A11D0D49F40006086D /* PBXTargetDependency */ = {
			isa = PBXTargetDependency;
			target = 253BF57A1D0D49F40006086D /* mckfc */;
			targetProxy = 253BF5A01D0D49F40006086D /* PBXContainerItemProxy */;
		};
/* End PBXTargetDependency section */

/* Begin PBXVariantGroup section */
		253BF58C1D0D49F40006086D /* LaunchScreen.storyboard */ = {
			isa = PBXVariantGroup;
			children = (
				253BF58D1D0D49F40006086D /* Base */,
				25522BE71D376A450098E4B7 /* zh-Hans */,
			);
			name = LaunchScreen.storyboard;
			sourceTree = "<group>";
		};
/* End PBXVariantGroup section */

/* Begin XCBuildConfiguration section */
		253BF5A61D0D49F40006086D /* Debug */ = {
			isa = XCBuildConfiguration;
			buildSettings = {
				ALWAYS_SEARCH_USER_PATHS = NO;
				CLANG_ANALYZER_NONNULL = YES;
				CLANG_CXX_LANGUAGE_STANDARD = "gnu++0x";
				CLANG_CXX_LIBRARY = "libc++";
				CLANG_ENABLE_MODULES = YES;
				CLANG_ENABLE_OBJC_ARC = YES;
				CLANG_WARN_BOOL_CONVERSION = YES;
				CLANG_WARN_CONSTANT_CONVERSION = YES;
				CLANG_WARN_DIRECT_OBJC_ISA_USAGE = YES_ERROR;
				CLANG_WARN_EMPTY_BODY = YES;
				CLANG_WARN_ENUM_CONVERSION = YES;
				CLANG_WARN_INT_CONVERSION = YES;
				CLANG_WARN_OBJC_ROOT_CLASS = YES_ERROR;
				CLANG_WARN_UNREACHABLE_CODE = YES;
				CLANG_WARN__DUPLICATE_METHOD_MATCH = YES;
				CODE_SIGN_IDENTITY = "iPhone Developer: Cheng Ma (N58JN4X86Y)";
				"CODE_SIGN_IDENTITY[sdk=iphoneos*]" = "iPhone Developer: Cheng Ma (N58JN4X86Y)";
				COPY_PHASE_STRIP = NO;
				DEBUG_INFORMATION_FORMAT = dwarf;
				ENABLE_STRICT_OBJC_MSGSEND = YES;
				ENABLE_TESTABILITY = YES;
				GCC_C_LANGUAGE_STANDARD = gnu99;
				GCC_DYNAMIC_NO_PIC = NO;
				GCC_NO_COMMON_BLOCKS = YES;
				GCC_OPTIMIZATION_LEVEL = 0;
				GCC_PREFIX_HEADER = "$(SRCROOT)/mckfc/PrefixHeader.pch";
				GCC_PREPROCESSOR_DEFINITIONS = (
					"DEBUG=1",
					"$(inherited)",
				);
				GCC_WARN_64_TO_32_BIT_CONVERSION = YES;
				GCC_WARN_ABOUT_RETURN_TYPE = YES_ERROR;
				GCC_WARN_UNDECLARED_SELECTOR = YES;
				GCC_WARN_UNINITIALIZED_AUTOS = YES_AGGRESSIVE;
				GCC_WARN_UNUSED_FUNCTION = YES;
				GCC_WARN_UNUSED_VARIABLE = YES;
				IPHONEOS_DEPLOYMENT_TARGET = 8.0;
				MTL_ENABLE_DEBUG_INFO = YES;
				ONLY_ACTIVE_ARCH = YES;
				PROVISIONING_PROFILE = "2934d9e6-2881-4fae-b6c9-d4567d50d3e6";
				SDKROOT = iphoneos;
			};
			name = Debug;
		};
		253BF5A71D0D49F40006086D /* Release */ = {
			isa = XCBuildConfiguration;
			buildSettings = {
				ALWAYS_SEARCH_USER_PATHS = NO;
				CLANG_ANALYZER_NONNULL = YES;
				CLANG_CXX_LANGUAGE_STANDARD = "gnu++0x";
				CLANG_CXX_LIBRARY = "libc++";
				CLANG_ENABLE_MODULES = YES;
				CLANG_ENABLE_OBJC_ARC = YES;
				CLANG_WARN_BOOL_CONVERSION = YES;
				CLANG_WARN_CONSTANT_CONVERSION = YES;
				CLANG_WARN_DIRECT_OBJC_ISA_USAGE = YES_ERROR;
				CLANG_WARN_EMPTY_BODY = YES;
				CLANG_WARN_ENUM_CONVERSION = YES;
				CLANG_WARN_INT_CONVERSION = YES;
				CLANG_WARN_OBJC_ROOT_CLASS = YES_ERROR;
				CLANG_WARN_UNREACHABLE_CODE = YES;
				CLANG_WARN__DUPLICATE_METHOD_MATCH = YES;
				CODE_SIGN_IDENTITY = "iPhone Developer: Cheng Ma (N58JN4X86Y)";
				"CODE_SIGN_IDENTITY[sdk=iphoneos*]" = "iPhone Developer: Cheng Ma (N58JN4X86Y)";
				COPY_PHASE_STRIP = NO;
				DEBUG_INFORMATION_FORMAT = "dwarf-with-dsym";
				ENABLE_NS_ASSERTIONS = NO;
				ENABLE_STRICT_OBJC_MSGSEND = YES;
				GCC_C_LANGUAGE_STANDARD = gnu99;
				GCC_NO_COMMON_BLOCKS = YES;
				GCC_PREFIX_HEADER = "$(SRCROOT)/mckfc/PrefixHeader.pch";
				GCC_WARN_64_TO_32_BIT_CONVERSION = YES;
				GCC_WARN_ABOUT_RETURN_TYPE = YES_ERROR;
				GCC_WARN_UNDECLARED_SELECTOR = YES;
				GCC_WARN_UNINITIALIZED_AUTOS = YES_AGGRESSIVE;
				GCC_WARN_UNUSED_FUNCTION = YES;
				GCC_WARN_UNUSED_VARIABLE = YES;
				IPHONEOS_DEPLOYMENT_TARGET = 8.0;
				MTL_ENABLE_DEBUG_INFO = NO;
				PROVISIONING_PROFILE = "2934d9e6-2881-4fae-b6c9-d4567d50d3e6";
				SDKROOT = iphoneos;
				VALIDATE_PRODUCT = YES;
			};
			name = Release;
		};
		253BF5A91D0D49F40006086D /* Debug */ = {
			isa = XCBuildConfiguration;
			baseConfigurationReference = BC2D64BC3C296980EB6B04FB /* Pods-mckfc.debug.xcconfig */;
			buildSettings = {
				ASSETCATALOG_COMPILER_APPICON_NAME = AppIcon;
				CODE_SIGN_IDENTITY = "iPhone Developer: Cheng Ma (N58JN4X86Y)";
				"CODE_SIGN_IDENTITY[sdk=iphoneos*]" = "iPhone Developer: Cheng Ma (N58JN4X86Y)";
				INFOPLIST_FILE = mckfc/Info.plist;
				LD_RUNPATH_SEARCH_PATHS = "$(inherited) @executable_path/Frameworks";
				PRODUCT_BUNDLE_IDENTIFIER = com.huayin.mckfc;
				PRODUCT_NAME = "$(TARGET_NAME)";
				PROVISIONING_PROFILE = "1f98e991-5187-4079-bd43-d3bb5b8e4d9c";
				TARGETED_DEVICE_FAMILY = 1;
			};
			name = Debug;
		};
		253BF5AA1D0D49F40006086D /* Release */ = {
			isa = XCBuildConfiguration;
			baseConfigurationReference = 2C0EE5CD14F1FFCF59A0F5C5 /* Pods-mckfc.release.xcconfig */;
			buildSettings = {
				ASSETCATALOG_COMPILER_APPICON_NAME = AppIcon;
				CODE_SIGN_IDENTITY = "iPhone Developer: Cheng Ma (N58JN4X86Y)";
				"CODE_SIGN_IDENTITY[sdk=iphoneos*]" = "iPhone Developer: Cheng Ma (N58JN4X86Y)";
				INFOPLIST_FILE = mckfc/Info.plist;
				LD_RUNPATH_SEARCH_PATHS = "$(inherited) @executable_path/Frameworks";
				PRODUCT_BUNDLE_IDENTIFIER = com.huayin.mckfc;
				PRODUCT_NAME = "$(TARGET_NAME)";
				PROVISIONING_PROFILE = "1f98e991-5187-4079-bd43-d3bb5b8e4d9c";
				TARGETED_DEVICE_FAMILY = 1;
			};
			name = Release;
		};
		253BF5AC1D0D49F40006086D /* Debug */ = {
			isa = XCBuildConfiguration;
			baseConfigurationReference = AEAD28CECD14E9496644CF81 /* Pods-mckfcTests.debug.xcconfig */;
			buildSettings = {
				BUNDLE_LOADER = "$(TEST_HOST)";
				GCC_PREFIX_HEADER = "$(SRCROOT)/mckfc/PrefixHeader.pch";
				INFOPLIST_FILE = mckfcTests/Info.plist;
				LD_RUNPATH_SEARCH_PATHS = "$(inherited) @executable_path/Frameworks @loader_path/Frameworks";
				PRODUCT_BUNDLE_IDENTIFIER = com.huayin.mckfcTests;
				PRODUCT_NAME = "$(TARGET_NAME)";
				PROVISIONING_PROFILE = "";
				TEST_HOST = "$(BUILT_PRODUCTS_DIR)/mckfc.app/mckfc";
			};
			name = Debug;
		};
		253BF5AD1D0D49F40006086D /* Release */ = {
			isa = XCBuildConfiguration;
			baseConfigurationReference = 4D4A0E75E7FA1CE3164F5BCC /* Pods-mckfcTests.release.xcconfig */;
			buildSettings = {
				BUNDLE_LOADER = "$(TEST_HOST)";
				GCC_PREFIX_HEADER = "$(SRCROOT)/mckfc/PrefixHeader.pch";
				INFOPLIST_FILE = mckfcTests/Info.plist;
				LD_RUNPATH_SEARCH_PATHS = "$(inherited) @executable_path/Frameworks @loader_path/Frameworks";
				PRODUCT_BUNDLE_IDENTIFIER = com.huayin.mckfcTests;
				PRODUCT_NAME = "$(TARGET_NAME)";
				PROVISIONING_PROFILE = "";
				TEST_HOST = "$(BUILT_PRODUCTS_DIR)/mckfc.app/mckfc";
			};
			name = Release;
		};
		253BF5AF1D0D49F40006086D /* Debug */ = {
			isa = XCBuildConfiguration;
			baseConfigurationReference = 1FF49D163B3C6B0B1628572B /* Pods-mckfcUITests.debug.xcconfig */;
			buildSettings = {
				CODE_SIGN_IDENTITY = "iPhone Developer";
				"CODE_SIGN_IDENTITY[sdk=iphoneos*]" = "iPhone Developer";
				INFOPLIST_FILE = mckfcUITests/Info.plist;
				LD_RUNPATH_SEARCH_PATHS = "$(inherited) @executable_path/Frameworks @loader_path/Frameworks";
				PRODUCT_BUNDLE_IDENTIFIER = com.huayin.mckfcUITests;
				PRODUCT_NAME = "$(TARGET_NAME)";
				PROVISIONING_PROFILE = "";
				TEST_TARGET_NAME = mckfc;
			};
			name = Debug;
		};
		253BF5B01D0D49F40006086D /* Release */ = {
			isa = XCBuildConfiguration;
			baseConfigurationReference = 33E4AD97041C7CA6DB6332A6 /* Pods-mckfcUITests.release.xcconfig */;
			buildSettings = {
				CODE_SIGN_IDENTITY = "iPhone Developer";
				"CODE_SIGN_IDENTITY[sdk=iphoneos*]" = "iPhone Developer";
				INFOPLIST_FILE = mckfcUITests/Info.plist;
				LD_RUNPATH_SEARCH_PATHS = "$(inherited) @executable_path/Frameworks @loader_path/Frameworks";
				PRODUCT_BUNDLE_IDENTIFIER = com.huayin.mckfcUITests;
				PRODUCT_NAME = "$(TARGET_NAME)";
				PROVISIONING_PROFILE = "";
				TEST_TARGET_NAME = mckfc;
			};
			name = Release;
		};
/* End XCBuildConfiguration section */

/* Begin XCConfigurationList section */
		253BF5761D0D49F40006086D /* Build configuration list for PBXProject "mckfc" */ = {
			isa = XCConfigurationList;
			buildConfigurations = (
				253BF5A61D0D49F40006086D /* Debug */,
				253BF5A71D0D49F40006086D /* Release */,
			);
			defaultConfigurationIsVisible = 0;
			defaultConfigurationName = Release;
		};
		253BF5A81D0D49F40006086D /* Build configuration list for PBXNativeTarget "mckfc" */ = {
			isa = XCConfigurationList;
			buildConfigurations = (
				253BF5A91D0D49F40006086D /* Debug */,
				253BF5AA1D0D49F40006086D /* Release */,
			);
			defaultConfigurationIsVisible = 0;
			defaultConfigurationName = Release;
		};
		253BF5AB1D0D49F40006086D /* Build configuration list for PBXNativeTarget "mckfcTests" */ = {
			isa = XCConfigurationList;
			buildConfigurations = (
				253BF5AC1D0D49F40006086D /* Debug */,
				253BF5AD1D0D49F40006086D /* Release */,
			);
			defaultConfigurationIsVisible = 0;
			defaultConfigurationName = Release;
		};
		253BF5AE1D0D49F40006086D /* Build configuration list for PBXNativeTarget "mckfcUITests" */ = {
			isa = XCConfigurationList;
			buildConfigurations = (
				253BF5AF1D0D49F40006086D /* Debug */,
				253BF5B01D0D49F40006086D /* Release */,
			);
			defaultConfigurationIsVisible = 0;
			defaultConfigurationName = Release;
		};
/* End XCConfigurationList section */
	};
	rootObject = 253BF5731D0D49F40006086D /* Project object */;
}
